
Microsoft Visual Studio Solution File, Format Version 12.00
# Visual Studio Version 16
VisualStudioVersion = 16.0.28803.156
MinimumVisualStudioVersion = 10.0.40219.1
Project("{FAE04EC0-301F-11D3-BF4B-00C04F79EFBC}") = "WpfApp", "WpfApp\WpfApp.csproj", "{E171B579-D5B6-4AA5-8393-5830A3C25C1F}"
EndProject
Project("{FAE04EC0-301F-11D3-BF4B-00C04F79EFBC}") = "MathLib", "MathLib\MathLib.csproj", "{307C68ED-642F-4901-A601-4F571E4A7C12}"
EndProject
Project("{FAE04EC0-301F-11D3-BF4B-00C04F79EFBC}") = "MathLibTests", "MathLibTests\MathLibTests.csproj", "{00C8D768-307A-4AB1-A79A-3AA3155A1767}"
EndProject
Project("{9A19103F-16F7-4668-BE54-9A1E7A4F7556}") = "MathLibTestsXUnit", "MathLibTestsXUnit\MathLibTestsXUnit.csproj", "{71C48412-C968-4395-940C-DDA68228C2BC}"
EndProject
Project("{2150E333-8FDC-42A3-9474-1A3956D46DE8}") = "FriendStorage", "FriendStorage", "{B3CEA547-7921-490B-B5D7-2886C9BE2ED5}"
EndProject
Project("{FAE04EC0-301F-11D3-BF4B-00C04F79EFBC}") = "FriendStorage.DataAccess", "FriendStorage\FriendStorage.DataAccess\FriendStorage.DataAccess.csproj", "{ACD91FAE-54BC-4948-BCDE-8D5777137518}"
EndProject
Project("{FAE04EC0-301F-11D3-BF4B-00C04F79EFBC}") = "FriendStorage.Model", "FriendStorage\FriendStorage.Model\FriendStorage.Model.csproj", "{13E45851-06F5-4CE8-B134-A51EF95A7703}"
EndProject
Project("{9A19103F-16F7-4668-BE54-9A1E7A4F7556}") = "FriendStorage.UITests", "FriendStorage\FriendStorage.UITests\FriendStorage.UITests.csproj", "{DD4FA79B-5998-452D-A18B-DF81BD6E0659}"
EndProject
Project("{FAE04EC0-301F-11D3-BF4B-00C04F79EFBC}") = "FriendStorage.UI", "FriendStorage\FriendStorage.UI\FriendStorage.UI.csproj", "{FCC642E2-620B-4372-B22C-03910A469D64}"
EndProject
Project("{2150E333-8FDC-42A3-9474-1A3956D46DE8}") = "CodedUITest", "CodedUITest", "{3DBFE2B6-31B0-4422-ABBC-4AB590EFAE0A}"
EndProject
Project("{FAE04EC0-301F-11D3-BF4B-00C04F79EFBC}") = "SimpleWPFApp", "CodedUITest\SimpleWPFApp\SimpleWPFApp.csproj", "{34E0CF7E-776B-4313-919E-F4C392BC8620}"
EndProject
Project("{FAE04EC0-301F-11D3-BF4B-00C04F79EFBC}") = "SimpleWPFAppUITests", "CodedUITest\SimpleWPFAppUITests\SimpleWPFAppUITests.csproj", "{44512991-7DC1-4FA3-BC5F-EBD0A6E8BDEE}"
EndProject
Project("{FAE04EC0-301F-11D3-BF4B-00C04F79EFBC}") = "SimpleWPFAppTests", "SimpleWPFAppTests\SimpleWPFAppTests.csproj", "{4A420574-FF2D-40B7-BA8F-4DB4D7B81124}"
EndProject
Project("{9A19103F-16F7-4668-BE54-9A1E7A4F7556}") = "SimpleWPFAppXUnitTests", "CodedUITest\SimpleWPFAppXUnitTests\SimpleWPFAppXUnitTests.csproj", "{BB1207A3-D142-4BC1-942C-00F82669F9BC}"
EndProject
Project("{2150E333-8FDC-42A3-9474-1A3956D46DE8}") = "AppDomains", "AppDomains", "{06929CC3-F55F-4D71-81F0-8ED555F9E0E9}"
EndProject
Project("{FAE04EC0-301F-11D3-BF4B-00C04F79EFBC}") = "EventsCommon", "AppDomains\EventsCommon\EventsCommon.csproj", "{56800F22-F94E-4447-9A9A-E2D37A6C4F38}"
EndProject
Project("{FAE04EC0-301F-11D3-BF4B-00C04F79EFBC}") = "EventsPublisher", "AppDomains\EventsPublisher\EventsPublisher.csproj", "{F2CE62AD-EFE8-4F9D-9ED2-6CA00C0ED996}"
EndProject
Project("{FAE04EC0-301F-11D3-BF4B-00C04F79EFBC}") = "EventsSubscriber", "AppDomains\EventsSubscriber\EventsSubscriber.csproj", "{1946C95C-8E7B-4B85-8D8E-97A4D722921C}"
EndProject
Project("{FAE04EC0-301F-11D3-BF4B-00C04F79EFBC}") = "CrossDomainEvents", "AppDomains\CrossDomainEvents\CrossDomainEvents.csproj", "{E57BABB2-C1A5-4AF9-8487-2198B23825AF}"
EndProject
Project("{2150E333-8FDC-42A3-9474-1A3956D46DE8}") = "CaliburnMicro", "CaliburnMicro", "{7247090E-6D58-4586-98F8-CE46EB3CE7EC}"
EndProject
Project("{FAE04EC0-301F-11D3-BF4B-00C04F79EFBC}") = "WPFUI", "CaliburnMicro\WPFUI\WPFUI.csproj", "{99A2C457-06F9-4C50-AF2B-53527C31A6CD}"
EndProject
Project("{2150E333-8FDC-42A3-9474-1A3956D46DE8}") = "MahAppsMetro", "MahAppsMetro", "{918D4159-80C9-4FE5-AFB7-E2A3F18D8358}"
EndProject
Project("{FAE04EC0-301F-11D3-BF4B-00C04F79EFBC}") = "MahAppsMetroSample", "MahAppsMetro\MahAppsMetroSample\MahAppsMetroSample.csproj", "{09ED8F04-63C3-444C-8DB2-02A3DBF49872}"
EndProject
Project("{2150E333-8FDC-42A3-9474-1A3956D46DE8}") = "KudVenkat", "KudVenkat", "{4917DF3E-E95B-42D1-9A23-55BE670CB7C1}"
EndProject
Project("{9A19103F-16F7-4668-BE54-9A1E7A4F7556}") = "EmployeeManagement", "KudVenkat\EmployeeManagement\EmployeeManagement.csproj", "{B76BCEE8-6980-4979-9204-C78E54FA63DB}"
EndProject
Project("{FAE04EC0-301F-11D3-BF4B-00C04F79EFBC}") = "ScoreKeeper", "MahAppsMetro\ScoreKeeper\ScoreKeeper.csproj", "{17E48EFD-0D78-4A53-AA36-49C52996FE32}"
EndProject
Project("{2150E333-8FDC-42A3-9474-1A3956D46DE8}") = "EF", "EF", "{2CC99778-AFEE-4944-A385-5A26CE7DCA2E}"
EndProject
Project("{9A19103F-16F7-4668-BE54-9A1E7A4F7556}") = "SamuraiApp.Domain", "EF\SamuraiApp.Domain\SamuraiApp.Domain.csproj", "{04AE0413-A3BD-4449-A2FC-327AEB9A00FE}"
EndProject
Project("{2150E333-8FDC-42A3-9474-1A3956D46DE8}") = "docs", "docs", "{FE447EF5-7084-4196-A7C7-58B675AF5AC8}"
	ProjectSection(SolutionItems) = preProject
		EF\docs\Notes.txt = EF\docs\Notes.txt
		EF\docs\PostgreNotes.txt = EF\docs\PostgreNotes.txt
		EF\docs\SQLite.txt = EF\docs\SQLite.txt
	EndProjectSection
EndProject
Project("{9A19103F-16F7-4668-BE54-9A1E7A4F7556}") = "SamuraiConsoleUI", "EF\SamuraiConsoleUI\SamuraiConsoleUI.csproj", "{022D9CF5-0AD6-4934-BB1D-E7AB9FF401FE}"
EndProject
Project("{2150E333-8FDC-42A3-9474-1A3956D46DE8}") = "Blazor", "Blazor", "{1D60BB65-FED7-400E-B760-00B2F69C2927}"
EndProject
Project("{9A19103F-16F7-4668-BE54-9A1E7A4F7556}") = "BlazorClientSideDemo", "Blazor\BlazorClientSideDemo\BlazorClientSideDemo.csproj", "{4D95D05F-F4A4-499A-95CA-237DDF346977}"
EndProject
Project("{2150E333-8FDC-42A3-9474-1A3956D46DE8}") = "docs", "docs", "{C7A73154-BB9C-481E-9245-477D6FAF1583}"
	ProjectSection(SolutionItems) = preProject
		Blazor\docs\Notes.txt = Blazor\docs\Notes.txt
	EndProjectSection
EndProject
Project("{9A19103F-16F7-4668-BE54-9A1E7A4F7556}") = "BlazorServerSideDemo", "Blazor\BlazorServerSideDemo\BlazorServerSideDemo.csproj", "{7CD198B8-EF3B-4B4C-BB87-FB55B38319D9}"
EndProject
Project("{9A19103F-16F7-4668-BE54-9A1E7A4F7556}") = "SamuraiApp.Test", "EF\SamuraiApp.Test\SamuraiApp.Test.csproj", "{169AB34B-07C0-4575-A04A-0EAA15788FE0}"
EndProject
Project("{9A19103F-16F7-4668-BE54-9A1E7A4F7556}") = "SamuraiApp.SQLServer.Data", "EF\SamuraiApp.SQLServer.Data\SamuraiApp.SQLServer.Data.csproj", "{C9DEDC2B-A44F-408D-B636-C8808158261F}"
EndProject
Project("{9A19103F-16F7-4668-BE54-9A1E7A4F7556}") = "SamuraiApp.Data", "EF\SamuraiApp.Data\SamuraiApp.Data.csproj", "{2874A8E2-DB71-4B23-AA61-BE112F07CB52}"
EndProject
Project("{9A19103F-16F7-4668-BE54-9A1E7A4F7556}") = "SamuraiApp.PostgreSQL.Data", "EF\SamuraiApp.PostgreSQL.Data\SamuraiApp.PostgreSQL.Data.csproj", "{6D45028C-3DEA-4A04-9EB9-3D301901560C}"
EndProject
Project("{9A19103F-16F7-4668-BE54-9A1E7A4F7556}") = "SamuraiApp.InMemory.Data", "EF\SamuraiApp.InMemory.Data\SamuraiApp.InMemory.Data.csproj", "{C444D061-DC5D-4670-80D7-3D19D6AFB369}"
EndProject
Project("{9A19103F-16F7-4668-BE54-9A1E7A4F7556}") = "SamuraiApp.SQLite.Data", "EF\SamuraiApp.SQLite.Data\SamuraiApp.SQLite.Data.csproj", "{612E4F9A-C3F8-4123-9CAC-B6040AB0BC09}"
EndProject
Project("{2150E333-8FDC-42A3-9474-1A3956D46DE8}") = "Xamarin.Forms", "Xamarin.Forms", "{9B0974F0-CFC2-4FB8-A87C-FC5EE39AE975}"
EndProject
Project("{2150E333-8FDC-42A3-9474-1A3956D46DE8}") = "BathanyPiShop", "BathanyPiShop", "{0C8E5E3B-8D7F-4DD5-BADD-E468EBC29A3D}"
EndProject
Project("{FAE04EC0-301F-11D3-BF4B-00C04F79EFBC}") = "BathanysPiShop.Android", "Xamarin.Forms\BathanyPiShop\BathanysPiShop\BathanysPiShop.Android\BathanysPiShop.Android.csproj", "{566772FB-B7A0-49BE-89FD-5225D3985D45}"
EndProject
Project("{FAE04EC0-301F-11D3-BF4B-00C04F79EFBC}") = "BathanysPiShop.iOS", "Xamarin.Forms\BathanyPiShop\BathanysPiShop\BathanysPiShop.iOS\BathanysPiShop.iOS.csproj", "{C9B9D812-D8CD-4E87-9878-D5ADD0ED58C4}"
EndProject
Project("{9A19103F-16F7-4668-BE54-9A1E7A4F7556}") = "BathanysPiShop.MobileAppService", "Xamarin.Forms\BathanyPiShop\BathanysPiShop\BathanysPiShop.MobileAppService\BathanysPiShop.MobileAppService.csproj", "{4C72411F-E5AF-46C0-AE2A-6B71ECC11563}"
EndProject
Project("{9A19103F-16F7-4668-BE54-9A1E7A4F7556}") = "BathanysPiShop", "Xamarin.Forms\BathanyPiShop\BathanysPiShop\BathanysPiShop\BathanysPiShop.csproj", "{6231D5FF-AE4A-4419-8B48-9AC626F76CB1}"
EndProject
Project("{2150E333-8FDC-42A3-9474-1A3956D46DE8}") = "SampleMasterDetailApp", "SampleMasterDetailApp", "{09AFEC88-220D-4BBD-B314-A5BCBD82836E}"
EndProject
Project("{FAE04EC0-301F-11D3-BF4B-00C04F79EFBC}") = "SampleMasterDetail.Android", "Xamarin.Forms\SampleMasterDetailApp\SampleMasterDetail\SampleMasterDetail.Android\SampleMasterDetail.Android.csproj", "{B8E02923-4D78-4810-B136-3A35D128AD83}"
EndProject
Project("{FAE04EC0-301F-11D3-BF4B-00C04F79EFBC}") = "SampleMasterDetail.iOS", "Xamarin.Forms\SampleMasterDetailApp\SampleMasterDetail\SampleMasterDetail.iOS\SampleMasterDetail.iOS.csproj", "{6ED51F72-AF2A-4EC5-9C6D-1619A3094B40}"
EndProject
Project("{9A19103F-16F7-4668-BE54-9A1E7A4F7556}") = "SampleMasterDetail.MobileAppService", "Xamarin.Forms\SampleMasterDetailApp\SampleMasterDetail\SampleMasterDetail.MobileAppService\SampleMasterDetail.MobileAppService.csproj", "{2D7557E0-81E5-408F-906A-20E91037B9D5}"
EndProject
Project("{9A19103F-16F7-4668-BE54-9A1E7A4F7556}") = "SampleMasterDetail", "Xamarin.Forms\SampleMasterDetailApp\SampleMasterDetail\SampleMasterDetail\SampleMasterDetail.csproj", "{239B2FD4-7E18-471A-B41A-6D46FCC0A045}"
EndProject
Project("{2150E333-8FDC-42A3-9474-1A3956D46DE8}") = "WebAPI", "WebAPI", "{D075D8DC-D6DE-4D4B-9CA3-775F94F65EAD}"
EndProject
Project("{9A19103F-16F7-4668-BE54-9A1E7A4F7556}") = "TokenBasedAuthentication", "WebAPI\TokenBasedAuthentication\TokenBasedAuthentication.csproj", "{EF5AEE69-55F6-47AC-AA9B-1DFEA00293C7}"
EndProject
Project("{2150E333-8FDC-42A3-9474-1A3956D46DE8}") = "docs", "docs", "{B4196B6A-FA83-4E17-BB7D-EAEC8E7E07CA}"
	ProjectSection(SolutionItems) = preProject
		WebAPI\docs\TokenBasedAuthentication.txt = WebAPI\docs\TokenBasedAuthentication.txt
	EndProjectSection
EndProject
Project("{2150E333-8FDC-42A3-9474-1A3956D46DE8}") = "AspNetCoreWeb", "AspNetCoreWeb", "{E671C2B7-51CC-4C76-94F5-0169B4E0C837}"
EndProject
Project("{9A19103F-16F7-4668-BE54-9A1E7A4F7556}") = "RazorPagesProject", "AspNetCoreWeb\RazorPagesProject\RazorPagesProject.csproj", "{C45BC238-80B4-4B5D-9C1C-EE3D8B51897A}"
EndProject
Project("{2150E333-8FDC-42A3-9474-1A3956D46DE8}") = "docs", "docs", "{13443ED5-AABB-4D59-9026-E24606F457E8}"
	ProjectSection(SolutionItems) = preProject
		AspNetCoreWeb\docs\WebAppsIntegrationTests.txt = AspNetCoreWeb\docs\WebAppsIntegrationTests.txt
	EndProjectSection
EndProject
Project("{9A19103F-16F7-4668-BE54-9A1E7A4F7556}") = "WebAppsIntegrationTests", "AspNetCoreWeb\WebAppsIntegrationTests\WebAppsIntegrationTests.csproj", "{E949B817-C110-44CE-AA65-E950A1D18BAC}"
EndProject
Project("{2150E333-8FDC-42A3-9474-1A3956D46DE8}") = "WpfApps", "WpfApps", "{DFEBDE80-D394-495F-9812-0C91087D7057}"
EndProject
Project("{2150E333-8FDC-42A3-9474-1A3956D46DE8}") = "docs", "docs", "{807C116C-3897-4788-846A-282F046ED154}"
	ProjectSection(SolutionItems) = preProject
		WpfApps\docs\DotNetCoreWpfApp.txt = WpfApps\docs\DotNetCoreWpfApp.txt
	EndProjectSection
EndProject
Project("{9A19103F-16F7-4668-BE54-9A1E7A4F7556}") = "DotNetCoreWpfApp", "WpfApps\DotNetCoreWpfApp\DotNetCoreWpfApp.csproj", "{8388C8A3-0464-4B90-B231-32FD8437699B}"
EndProject
Project("{2150E333-8FDC-42A3-9474-1A3956D46DE8}") = "DesignPatterns", "DesignPatterns", "{5B579D41-7890-45ED-8213-0626EA5B362B}"
EndProject
Project("{9A19103F-16F7-4668-BE54-9A1E7A4F7556}") = "Factory", "DesignPatterns\Factory\Factory.csproj", "{96ECB487-2064-4339-B58F-A35300DEAEF6}"
EndProject
Project("{9A19103F-16F7-4668-BE54-9A1E7A4F7556}") = "DesignPatterns.Tests", "DesignPatterns\DesignPatterns.Tests\DesignPatterns.Tests.csproj", "{1C9ADA1F-BADB-410F-A7CB-283D41333163}"
EndProject
Project("{9A19103F-16F7-4668-BE54-9A1E7A4F7556}") = "EmployeeManagement.DataAccess", "KudVenkat\EmployeeManagement.DataAccess\EmployeeManagement.DataAccess.csproj", "{FF622FE9-E80F-4EEF-AA72-2CA8333E5DD9}"
EndProject
Project("{9A19103F-16F7-4668-BE54-9A1E7A4F7556}") = "EmployeeManagement.Domain", "KudVenkat\EmployeeManagement.Domain\EmployeeManagement.Domain.csproj", "{CFA90B49-1EB2-499F-8095-094CCB7532BF}"
EndProject
Project("{9A19103F-16F7-4668-BE54-9A1E7A4F7556}") = "EmployeeManagement.Tests", "KudVenkat\EmployeeManagement.Tests\EmployeeManagement.Tests.csproj", "{6916E33D-6E6B-4042-96B5-A1C1D3FFEA03}"
EndProject
Project("{9A19103F-16F7-4668-BE54-9A1E7A4F7556}") = "EmployeeManagement.IntegrationTests", "KudVenkat\EmployeeManagement.IntegrationTests\EmployeeManagement.IntegrationTests.csproj", "{5FC811F0-F428-494F-9A63-C8E24B931131}"
EndProject
Project("{2150E333-8FDC-42A3-9474-1A3956D46DE8}") = "docs", "docs", "{478999E9-C2A1-49E4-B576-C81E4BB05DD7}"
	ProjectSection(SolutionItems) = preProject
		KudVenkat\docs\IntegrationTests.txt = KudVenkat\docs\IntegrationTests.txt
		KudVenkat\docs\UITests.txt = KudVenkat\docs\UITests.txt
	EndProjectSection
EndProject
Project("{9A19103F-16F7-4668-BE54-9A1E7A4F7556}") = "EmployeeManagement.UITests", "KudVenkat\EmployeeManagement.UITests\EmployeeManagement.UITests.csproj", "{1B6BBC81-EC7D-4D74-A383-0E56BC4426D9}"
EndProject
Project("{2150E333-8FDC-42A3-9474-1A3956D46DE8}") = "Logical", "Logical", "{96A3BD6D-A427-43EA-8470-82B5044A8CD7}"
EndProject
Project("{9A19103F-16F7-4668-BE54-9A1E7A4F7556}") = "Ritambhara", "Logical\Ritambhara\Ritambhara.csproj", "{78B053DA-6ED2-4849-ACFC-75E4AF05B17E}"
EndProject
Project("{9A19103F-16F7-4668-BE54-9A1E7A4F7556}") = "Ritambhara.UnitTests", "Logical\Ritambhara.UnitTests\Ritambhara.UnitTests.csproj", "{1A176F1B-22E1-41FD-836A-FBF6015B4C26}"
EndProject
Project("{9A19103F-16F7-4668-BE54-9A1E7A4F7556}") = "OdeToFood", "AspNetCoreWeb\OdeToFood\OdeToFood.csproj", "{4BB097A0-7653-4D3E-B8B0-9AE75E271798}"
EndProject
Project("{9A19103F-16F7-4668-BE54-9A1E7A4F7556}") = "OdeToFood.Core", "AspNetCoreWeb\OdeToFood.Core\OdeToFood.Core.csproj", "{830CEB99-7C99-430F-9871-70846837B0E8}"
EndProject
Project("{9A19103F-16F7-4668-BE54-9A1E7A4F7556}") = "OdeToFood.Data", "AspNetCoreWeb\OdeToFood.Data\OdeToFood.Data.csproj", "{69256B33-E87B-4464-8BA3-4FF9E11676D4}"
EndProject
Project("{9A19103F-16F7-4668-BE54-9A1E7A4F7556}") = "CoreCodeCamp", "AspNetCoreWeb\CoreCodeCamp\CoreCodeCamp.csproj", "{82A3EDA0-B378-4A5D-A137-48252324C3DF}"
EndProject
Project("{2150E333-8FDC-42A3-9474-1A3956D46DE8}") = "API", "API", "{7B3463F0-E78F-4529-89D1-D142BCF4C0A6}"
EndProject
Project("{FAE04EC0-301F-11D3-BF4B-00C04F79EFBC}") = "Library.API", "AspNetCoreWeb\API\Library.API\Library.API.csproj", "{07CE6982-E804-41EF-B5C3-D3A739F64F34}"
EndProject
Global
	GlobalSection(SolutionConfigurationPlatforms) = preSolution
		Debug|Any CPU = Debug|Any CPU
		Debug|iPhone = Debug|iPhone
		Debug|iPhoneSimulator = Debug|iPhoneSimulator
		Release|Any CPU = Release|Any CPU
		Release|iPhone = Release|iPhone
		Release|iPhoneSimulator = Release|iPhoneSimulator
	EndGlobalSection
	GlobalSection(ProjectConfigurationPlatforms) = postSolution
		{E171B579-D5B6-4AA5-8393-5830A3C25C1F}.Debug|Any CPU.ActiveCfg = Debug|Any CPU
		{E171B579-D5B6-4AA5-8393-5830A3C25C1F}.Debug|Any CPU.Build.0 = Debug|Any CPU
		{E171B579-D5B6-4AA5-8393-5830A3C25C1F}.Debug|iPhone.ActiveCfg = Debug|Any CPU
		{E171B579-D5B6-4AA5-8393-5830A3C25C1F}.Debug|iPhone.Build.0 = Debug|Any CPU
		{E171B579-D5B6-4AA5-8393-5830A3C25C1F}.Debug|iPhoneSimulator.ActiveCfg = Debug|Any CPU
		{E171B579-D5B6-4AA5-8393-5830A3C25C1F}.Debug|iPhoneSimulator.Build.0 = Debug|Any CPU
		{E171B579-D5B6-4AA5-8393-5830A3C25C1F}.Release|Any CPU.ActiveCfg = Release|Any CPU
		{E171B579-D5B6-4AA5-8393-5830A3C25C1F}.Release|Any CPU.Build.0 = Release|Any CPU
		{E171B579-D5B6-4AA5-8393-5830A3C25C1F}.Release|iPhone.ActiveCfg = Release|Any CPU
		{E171B579-D5B6-4AA5-8393-5830A3C25C1F}.Release|iPhone.Build.0 = Release|Any CPU
		{E171B579-D5B6-4AA5-8393-5830A3C25C1F}.Release|iPhoneSimulator.ActiveCfg = Release|Any CPU
		{E171B579-D5B6-4AA5-8393-5830A3C25C1F}.Release|iPhoneSimulator.Build.0 = Release|Any CPU
		{307C68ED-642F-4901-A601-4F571E4A7C12}.Debug|Any CPU.ActiveCfg = Debug|Any CPU
		{307C68ED-642F-4901-A601-4F571E4A7C12}.Debug|Any CPU.Build.0 = Debug|Any CPU
		{307C68ED-642F-4901-A601-4F571E4A7C12}.Debug|iPhone.ActiveCfg = Debug|Any CPU
		{307C68ED-642F-4901-A601-4F571E4A7C12}.Debug|iPhone.Build.0 = Debug|Any CPU
		{307C68ED-642F-4901-A601-4F571E4A7C12}.Debug|iPhoneSimulator.ActiveCfg = Debug|Any CPU
		{307C68ED-642F-4901-A601-4F571E4A7C12}.Debug|iPhoneSimulator.Build.0 = Debug|Any CPU
		{307C68ED-642F-4901-A601-4F571E4A7C12}.Release|Any CPU.ActiveCfg = Release|Any CPU
		{307C68ED-642F-4901-A601-4F571E4A7C12}.Release|Any CPU.Build.0 = Release|Any CPU
		{307C68ED-642F-4901-A601-4F571E4A7C12}.Release|iPhone.ActiveCfg = Release|Any CPU
		{307C68ED-642F-4901-A601-4F571E4A7C12}.Release|iPhone.Build.0 = Release|Any CPU
		{307C68ED-642F-4901-A601-4F571E4A7C12}.Release|iPhoneSimulator.ActiveCfg = Release|Any CPU
		{307C68ED-642F-4901-A601-4F571E4A7C12}.Release|iPhoneSimulator.Build.0 = Release|Any CPU
		{00C8D768-307A-4AB1-A79A-3AA3155A1767}.Debug|Any CPU.ActiveCfg = Debug|Any CPU
		{00C8D768-307A-4AB1-A79A-3AA3155A1767}.Debug|Any CPU.Build.0 = Debug|Any CPU
		{00C8D768-307A-4AB1-A79A-3AA3155A1767}.Debug|iPhone.ActiveCfg = Debug|Any CPU
		{00C8D768-307A-4AB1-A79A-3AA3155A1767}.Debug|iPhone.Build.0 = Debug|Any CPU
		{00C8D768-307A-4AB1-A79A-3AA3155A1767}.Debug|iPhoneSimulator.ActiveCfg = Debug|Any CPU
		{00C8D768-307A-4AB1-A79A-3AA3155A1767}.Debug|iPhoneSimulator.Build.0 = Debug|Any CPU
		{00C8D768-307A-4AB1-A79A-3AA3155A1767}.Release|Any CPU.ActiveCfg = Release|Any CPU
		{00C8D768-307A-4AB1-A79A-3AA3155A1767}.Release|Any CPU.Build.0 = Release|Any CPU
		{00C8D768-307A-4AB1-A79A-3AA3155A1767}.Release|iPhone.ActiveCfg = Release|Any CPU
		{00C8D768-307A-4AB1-A79A-3AA3155A1767}.Release|iPhone.Build.0 = Release|Any CPU
		{00C8D768-307A-4AB1-A79A-3AA3155A1767}.Release|iPhoneSimulator.ActiveCfg = Release|Any CPU
		{00C8D768-307A-4AB1-A79A-3AA3155A1767}.Release|iPhoneSimulator.Build.0 = Release|Any CPU
		{71C48412-C968-4395-940C-DDA68228C2BC}.Debug|Any CPU.ActiveCfg = Debug|Any CPU
		{71C48412-C968-4395-940C-DDA68228C2BC}.Debug|Any CPU.Build.0 = Debug|Any CPU
		{71C48412-C968-4395-940C-DDA68228C2BC}.Debug|iPhone.ActiveCfg = Debug|Any CPU
		{71C48412-C968-4395-940C-DDA68228C2BC}.Debug|iPhone.Build.0 = Debug|Any CPU
		{71C48412-C968-4395-940C-DDA68228C2BC}.Debug|iPhoneSimulator.ActiveCfg = Debug|Any CPU
		{71C48412-C968-4395-940C-DDA68228C2BC}.Debug|iPhoneSimulator.Build.0 = Debug|Any CPU
		{71C48412-C968-4395-940C-DDA68228C2BC}.Release|Any CPU.ActiveCfg = Release|Any CPU
		{71C48412-C968-4395-940C-DDA68228C2BC}.Release|Any CPU.Build.0 = Release|Any CPU
		{71C48412-C968-4395-940C-DDA68228C2BC}.Release|iPhone.ActiveCfg = Release|Any CPU
		{71C48412-C968-4395-940C-DDA68228C2BC}.Release|iPhone.Build.0 = Release|Any CPU
		{71C48412-C968-4395-940C-DDA68228C2BC}.Release|iPhoneSimulator.ActiveCfg = Release|Any CPU
		{71C48412-C968-4395-940C-DDA68228C2BC}.Release|iPhoneSimulator.Build.0 = Release|Any CPU
		{ACD91FAE-54BC-4948-BCDE-8D5777137518}.Debug|Any CPU.ActiveCfg = Debug|Any CPU
		{ACD91FAE-54BC-4948-BCDE-8D5777137518}.Debug|Any CPU.Build.0 = Debug|Any CPU
		{ACD91FAE-54BC-4948-BCDE-8D5777137518}.Debug|iPhone.ActiveCfg = Debug|Any CPU
		{ACD91FAE-54BC-4948-BCDE-8D5777137518}.Debug|iPhoneSimulator.ActiveCfg = Debug|Any CPU
		{ACD91FAE-54BC-4948-BCDE-8D5777137518}.Release|Any CPU.ActiveCfg = Release|Any CPU
		{ACD91FAE-54BC-4948-BCDE-8D5777137518}.Release|Any CPU.Build.0 = Release|Any CPU
		{ACD91FAE-54BC-4948-BCDE-8D5777137518}.Release|iPhone.ActiveCfg = Release|Any CPU
		{ACD91FAE-54BC-4948-BCDE-8D5777137518}.Release|iPhoneSimulator.ActiveCfg = Release|Any CPU
		{13E45851-06F5-4CE8-B134-A51EF95A7703}.Debug|Any CPU.ActiveCfg = Debug|Any CPU
		{13E45851-06F5-4CE8-B134-A51EF95A7703}.Debug|Any CPU.Build.0 = Debug|Any CPU
		{13E45851-06F5-4CE8-B134-A51EF95A7703}.Debug|iPhone.ActiveCfg = Debug|Any CPU
		{13E45851-06F5-4CE8-B134-A51EF95A7703}.Debug|iPhoneSimulator.ActiveCfg = Debug|Any CPU
		{13E45851-06F5-4CE8-B134-A51EF95A7703}.Release|Any CPU.ActiveCfg = Release|Any CPU
		{13E45851-06F5-4CE8-B134-A51EF95A7703}.Release|Any CPU.Build.0 = Release|Any CPU
		{13E45851-06F5-4CE8-B134-A51EF95A7703}.Release|iPhone.ActiveCfg = Release|Any CPU
		{13E45851-06F5-4CE8-B134-A51EF95A7703}.Release|iPhoneSimulator.ActiveCfg = Release|Any CPU
		{DD4FA79B-5998-452D-A18B-DF81BD6E0659}.Debug|Any CPU.ActiveCfg = Debug|Any CPU
		{DD4FA79B-5998-452D-A18B-DF81BD6E0659}.Debug|Any CPU.Build.0 = Debug|Any CPU
		{DD4FA79B-5998-452D-A18B-DF81BD6E0659}.Debug|iPhone.ActiveCfg = Debug|Any CPU
		{DD4FA79B-5998-452D-A18B-DF81BD6E0659}.Debug|iPhoneSimulator.ActiveCfg = Debug|Any CPU
		{DD4FA79B-5998-452D-A18B-DF81BD6E0659}.Release|Any CPU.ActiveCfg = Release|Any CPU
		{DD4FA79B-5998-452D-A18B-DF81BD6E0659}.Release|Any CPU.Build.0 = Release|Any CPU
		{DD4FA79B-5998-452D-A18B-DF81BD6E0659}.Release|iPhone.ActiveCfg = Release|Any CPU
		{DD4FA79B-5998-452D-A18B-DF81BD6E0659}.Release|iPhoneSimulator.ActiveCfg = Release|Any CPU
		{FCC642E2-620B-4372-B22C-03910A469D64}.Debug|Any CPU.ActiveCfg = Debug|Any CPU
		{FCC642E2-620B-4372-B22C-03910A469D64}.Debug|Any CPU.Build.0 = Debug|Any CPU
		{FCC642E2-620B-4372-B22C-03910A469D64}.Debug|iPhone.ActiveCfg = Debug|Any CPU
		{FCC642E2-620B-4372-B22C-03910A469D64}.Debug|iPhoneSimulator.ActiveCfg = Debug|Any CPU
		{FCC642E2-620B-4372-B22C-03910A469D64}.Release|Any CPU.ActiveCfg = Release|Any CPU
		{FCC642E2-620B-4372-B22C-03910A469D64}.Release|Any CPU.Build.0 = Release|Any CPU
		{FCC642E2-620B-4372-B22C-03910A469D64}.Release|iPhone.ActiveCfg = Release|Any CPU
		{FCC642E2-620B-4372-B22C-03910A469D64}.Release|iPhoneSimulator.ActiveCfg = Release|Any CPU
		{34E0CF7E-776B-4313-919E-F4C392BC8620}.Debug|Any CPU.ActiveCfg = Debug|Any CPU
		{34E0CF7E-776B-4313-919E-F4C392BC8620}.Debug|Any CPU.Build.0 = Debug|Any CPU
		{34E0CF7E-776B-4313-919E-F4C392BC8620}.Debug|iPhone.ActiveCfg = Debug|Any CPU
		{34E0CF7E-776B-4313-919E-F4C392BC8620}.Debug|iPhone.Build.0 = Debug|Any CPU
		{34E0CF7E-776B-4313-919E-F4C392BC8620}.Debug|iPhoneSimulator.ActiveCfg = Debug|Any CPU
		{34E0CF7E-776B-4313-919E-F4C392BC8620}.Debug|iPhoneSimulator.Build.0 = Debug|Any CPU
		{34E0CF7E-776B-4313-919E-F4C392BC8620}.Release|Any CPU.ActiveCfg = Release|Any CPU
		{34E0CF7E-776B-4313-919E-F4C392BC8620}.Release|Any CPU.Build.0 = Release|Any CPU
		{34E0CF7E-776B-4313-919E-F4C392BC8620}.Release|iPhone.ActiveCfg = Release|Any CPU
		{34E0CF7E-776B-4313-919E-F4C392BC8620}.Release|iPhone.Build.0 = Release|Any CPU
		{34E0CF7E-776B-4313-919E-F4C392BC8620}.Release|iPhoneSimulator.ActiveCfg = Release|Any CPU
		{34E0CF7E-776B-4313-919E-F4C392BC8620}.Release|iPhoneSimulator.Build.0 = Release|Any CPU
		{44512991-7DC1-4FA3-BC5F-EBD0A6E8BDEE}.Debug|Any CPU.ActiveCfg = Debug|Any CPU
		{44512991-7DC1-4FA3-BC5F-EBD0A6E8BDEE}.Debug|Any CPU.Build.0 = Debug|Any CPU
		{44512991-7DC1-4FA3-BC5F-EBD0A6E8BDEE}.Debug|iPhone.ActiveCfg = Debug|Any CPU
		{44512991-7DC1-4FA3-BC5F-EBD0A6E8BDEE}.Debug|iPhone.Build.0 = Debug|Any CPU
		{44512991-7DC1-4FA3-BC5F-EBD0A6E8BDEE}.Debug|iPhoneSimulator.ActiveCfg = Debug|Any CPU
		{44512991-7DC1-4FA3-BC5F-EBD0A6E8BDEE}.Debug|iPhoneSimulator.Build.0 = Debug|Any CPU
		{44512991-7DC1-4FA3-BC5F-EBD0A6E8BDEE}.Release|Any CPU.ActiveCfg = Release|Any CPU
		{44512991-7DC1-4FA3-BC5F-EBD0A6E8BDEE}.Release|Any CPU.Build.0 = Release|Any CPU
		{44512991-7DC1-4FA3-BC5F-EBD0A6E8BDEE}.Release|iPhone.ActiveCfg = Release|Any CPU
		{44512991-7DC1-4FA3-BC5F-EBD0A6E8BDEE}.Release|iPhone.Build.0 = Release|Any CPU
		{44512991-7DC1-4FA3-BC5F-EBD0A6E8BDEE}.Release|iPhoneSimulator.ActiveCfg = Release|Any CPU
		{44512991-7DC1-4FA3-BC5F-EBD0A6E8BDEE}.Release|iPhoneSimulator.Build.0 = Release|Any CPU
		{4A420574-FF2D-40B7-BA8F-4DB4D7B81124}.Debug|Any CPU.ActiveCfg = Debug|Any CPU
		{4A420574-FF2D-40B7-BA8F-4DB4D7B81124}.Debug|Any CPU.Build.0 = Debug|Any CPU
		{4A420574-FF2D-40B7-BA8F-4DB4D7B81124}.Debug|iPhone.ActiveCfg = Debug|Any CPU
		{4A420574-FF2D-40B7-BA8F-4DB4D7B81124}.Debug|iPhone.Build.0 = Debug|Any CPU
		{4A420574-FF2D-40B7-BA8F-4DB4D7B81124}.Debug|iPhoneSimulator.ActiveCfg = Debug|Any CPU
		{4A420574-FF2D-40B7-BA8F-4DB4D7B81124}.Debug|iPhoneSimulator.Build.0 = Debug|Any CPU
		{4A420574-FF2D-40B7-BA8F-4DB4D7B81124}.Release|Any CPU.ActiveCfg = Release|Any CPU
		{4A420574-FF2D-40B7-BA8F-4DB4D7B81124}.Release|Any CPU.Build.0 = Release|Any CPU
		{4A420574-FF2D-40B7-BA8F-4DB4D7B81124}.Release|iPhone.ActiveCfg = Release|Any CPU
		{4A420574-FF2D-40B7-BA8F-4DB4D7B81124}.Release|iPhone.Build.0 = Release|Any CPU
		{4A420574-FF2D-40B7-BA8F-4DB4D7B81124}.Release|iPhoneSimulator.ActiveCfg = Release|Any CPU
		{4A420574-FF2D-40B7-BA8F-4DB4D7B81124}.Release|iPhoneSimulator.Build.0 = Release|Any CPU
		{BB1207A3-D142-4BC1-942C-00F82669F9BC}.Debug|Any CPU.ActiveCfg = Debug|Any CPU
		{BB1207A3-D142-4BC1-942C-00F82669F9BC}.Debug|Any CPU.Build.0 = Debug|Any CPU
		{BB1207A3-D142-4BC1-942C-00F82669F9BC}.Debug|iPhone.ActiveCfg = Debug|Any CPU
		{BB1207A3-D142-4BC1-942C-00F82669F9BC}.Debug|iPhone.Build.0 = Debug|Any CPU
		{BB1207A3-D142-4BC1-942C-00F82669F9BC}.Debug|iPhoneSimulator.ActiveCfg = Debug|Any CPU
		{BB1207A3-D142-4BC1-942C-00F82669F9BC}.Debug|iPhoneSimulator.Build.0 = Debug|Any CPU
		{BB1207A3-D142-4BC1-942C-00F82669F9BC}.Release|Any CPU.ActiveCfg = Release|Any CPU
		{BB1207A3-D142-4BC1-942C-00F82669F9BC}.Release|Any CPU.Build.0 = Release|Any CPU
		{BB1207A3-D142-4BC1-942C-00F82669F9BC}.Release|iPhone.ActiveCfg = Release|Any CPU
		{BB1207A3-D142-4BC1-942C-00F82669F9BC}.Release|iPhone.Build.0 = Release|Any CPU
		{BB1207A3-D142-4BC1-942C-00F82669F9BC}.Release|iPhoneSimulator.ActiveCfg = Release|Any CPU
		{BB1207A3-D142-4BC1-942C-00F82669F9BC}.Release|iPhoneSimulator.Build.0 = Release|Any CPU
		{56800F22-F94E-4447-9A9A-E2D37A6C4F38}.Debug|Any CPU.ActiveCfg = Debug|Any CPU
		{56800F22-F94E-4447-9A9A-E2D37A6C4F38}.Debug|Any CPU.Build.0 = Debug|Any CPU
		{56800F22-F94E-4447-9A9A-E2D37A6C4F38}.Debug|iPhone.ActiveCfg = Debug|Any CPU
		{56800F22-F94E-4447-9A9A-E2D37A6C4F38}.Debug|iPhone.Build.0 = Debug|Any CPU
		{56800F22-F94E-4447-9A9A-E2D37A6C4F38}.Debug|iPhoneSimulator.ActiveCfg = Debug|Any CPU
		{56800F22-F94E-4447-9A9A-E2D37A6C4F38}.Debug|iPhoneSimulator.Build.0 = Debug|Any CPU
		{56800F22-F94E-4447-9A9A-E2D37A6C4F38}.Release|Any CPU.ActiveCfg = Release|Any CPU
		{56800F22-F94E-4447-9A9A-E2D37A6C4F38}.Release|Any CPU.Build.0 = Release|Any CPU
		{56800F22-F94E-4447-9A9A-E2D37A6C4F38}.Release|iPhone.ActiveCfg = Release|Any CPU
		{56800F22-F94E-4447-9A9A-E2D37A6C4F38}.Release|iPhone.Build.0 = Release|Any CPU
		{56800F22-F94E-4447-9A9A-E2D37A6C4F38}.Release|iPhoneSimulator.ActiveCfg = Release|Any CPU
		{56800F22-F94E-4447-9A9A-E2D37A6C4F38}.Release|iPhoneSimulator.Build.0 = Release|Any CPU
		{F2CE62AD-EFE8-4F9D-9ED2-6CA00C0ED996}.Debug|Any CPU.ActiveCfg = Debug|Any CPU
		{F2CE62AD-EFE8-4F9D-9ED2-6CA00C0ED996}.Debug|Any CPU.Build.0 = Debug|Any CPU
		{F2CE62AD-EFE8-4F9D-9ED2-6CA00C0ED996}.Debug|iPhone.ActiveCfg = Debug|Any CPU
		{F2CE62AD-EFE8-4F9D-9ED2-6CA00C0ED996}.Debug|iPhone.Build.0 = Debug|Any CPU
		{F2CE62AD-EFE8-4F9D-9ED2-6CA00C0ED996}.Debug|iPhoneSimulator.ActiveCfg = Debug|Any CPU
		{F2CE62AD-EFE8-4F9D-9ED2-6CA00C0ED996}.Debug|iPhoneSimulator.Build.0 = Debug|Any CPU
		{F2CE62AD-EFE8-4F9D-9ED2-6CA00C0ED996}.Release|Any CPU.ActiveCfg = Release|Any CPU
		{F2CE62AD-EFE8-4F9D-9ED2-6CA00C0ED996}.Release|Any CPU.Build.0 = Release|Any CPU
		{F2CE62AD-EFE8-4F9D-9ED2-6CA00C0ED996}.Release|iPhone.ActiveCfg = Release|Any CPU
		{F2CE62AD-EFE8-4F9D-9ED2-6CA00C0ED996}.Release|iPhone.Build.0 = Release|Any CPU
		{F2CE62AD-EFE8-4F9D-9ED2-6CA00C0ED996}.Release|iPhoneSimulator.ActiveCfg = Release|Any CPU
		{F2CE62AD-EFE8-4F9D-9ED2-6CA00C0ED996}.Release|iPhoneSimulator.Build.0 = Release|Any CPU
		{1946C95C-8E7B-4B85-8D8E-97A4D722921C}.Debug|Any CPU.ActiveCfg = Debug|Any CPU
		{1946C95C-8E7B-4B85-8D8E-97A4D722921C}.Debug|Any CPU.Build.0 = Debug|Any CPU
		{1946C95C-8E7B-4B85-8D8E-97A4D722921C}.Debug|iPhone.ActiveCfg = Debug|Any CPU
		{1946C95C-8E7B-4B85-8D8E-97A4D722921C}.Debug|iPhone.Build.0 = Debug|Any CPU
		{1946C95C-8E7B-4B85-8D8E-97A4D722921C}.Debug|iPhoneSimulator.ActiveCfg = Debug|Any CPU
		{1946C95C-8E7B-4B85-8D8E-97A4D722921C}.Debug|iPhoneSimulator.Build.0 = Debug|Any CPU
		{1946C95C-8E7B-4B85-8D8E-97A4D722921C}.Release|Any CPU.ActiveCfg = Release|Any CPU
		{1946C95C-8E7B-4B85-8D8E-97A4D722921C}.Release|Any CPU.Build.0 = Release|Any CPU
		{1946C95C-8E7B-4B85-8D8E-97A4D722921C}.Release|iPhone.ActiveCfg = Release|Any CPU
		{1946C95C-8E7B-4B85-8D8E-97A4D722921C}.Release|iPhone.Build.0 = Release|Any CPU
		{1946C95C-8E7B-4B85-8D8E-97A4D722921C}.Release|iPhoneSimulator.ActiveCfg = Release|Any CPU
		{1946C95C-8E7B-4B85-8D8E-97A4D722921C}.Release|iPhoneSimulator.Build.0 = Release|Any CPU
		{E57BABB2-C1A5-4AF9-8487-2198B23825AF}.Debug|Any CPU.ActiveCfg = Debug|Any CPU
		{E57BABB2-C1A5-4AF9-8487-2198B23825AF}.Debug|Any CPU.Build.0 = Debug|Any CPU
		{E57BABB2-C1A5-4AF9-8487-2198B23825AF}.Debug|iPhone.ActiveCfg = Debug|Any CPU
		{E57BABB2-C1A5-4AF9-8487-2198B23825AF}.Debug|iPhone.Build.0 = Debug|Any CPU
		{E57BABB2-C1A5-4AF9-8487-2198B23825AF}.Debug|iPhoneSimulator.ActiveCfg = Debug|Any CPU
		{E57BABB2-C1A5-4AF9-8487-2198B23825AF}.Debug|iPhoneSimulator.Build.0 = Debug|Any CPU
		{E57BABB2-C1A5-4AF9-8487-2198B23825AF}.Release|Any CPU.ActiveCfg = Release|Any CPU
		{E57BABB2-C1A5-4AF9-8487-2198B23825AF}.Release|Any CPU.Build.0 = Release|Any CPU
		{E57BABB2-C1A5-4AF9-8487-2198B23825AF}.Release|iPhone.ActiveCfg = Release|Any CPU
		{E57BABB2-C1A5-4AF9-8487-2198B23825AF}.Release|iPhone.Build.0 = Release|Any CPU
		{E57BABB2-C1A5-4AF9-8487-2198B23825AF}.Release|iPhoneSimulator.ActiveCfg = Release|Any CPU
		{E57BABB2-C1A5-4AF9-8487-2198B23825AF}.Release|iPhoneSimulator.Build.0 = Release|Any CPU
		{99A2C457-06F9-4C50-AF2B-53527C31A6CD}.Debug|Any CPU.ActiveCfg = Debug|Any CPU
		{99A2C457-06F9-4C50-AF2B-53527C31A6CD}.Debug|Any CPU.Build.0 = Debug|Any CPU
		{99A2C457-06F9-4C50-AF2B-53527C31A6CD}.Debug|iPhone.ActiveCfg = Debug|Any CPU
		{99A2C457-06F9-4C50-AF2B-53527C31A6CD}.Debug|iPhone.Build.0 = Debug|Any CPU
		{99A2C457-06F9-4C50-AF2B-53527C31A6CD}.Debug|iPhoneSimulator.ActiveCfg = Debug|Any CPU
		{99A2C457-06F9-4C50-AF2B-53527C31A6CD}.Debug|iPhoneSimulator.Build.0 = Debug|Any CPU
		{99A2C457-06F9-4C50-AF2B-53527C31A6CD}.Release|Any CPU.ActiveCfg = Release|Any CPU
		{99A2C457-06F9-4C50-AF2B-53527C31A6CD}.Release|Any CPU.Build.0 = Release|Any CPU
		{99A2C457-06F9-4C50-AF2B-53527C31A6CD}.Release|iPhone.ActiveCfg = Release|Any CPU
		{99A2C457-06F9-4C50-AF2B-53527C31A6CD}.Release|iPhone.Build.0 = Release|Any CPU
		{99A2C457-06F9-4C50-AF2B-53527C31A6CD}.Release|iPhoneSimulator.ActiveCfg = Release|Any CPU
		{99A2C457-06F9-4C50-AF2B-53527C31A6CD}.Release|iPhoneSimulator.Build.0 = Release|Any CPU
		{09ED8F04-63C3-444C-8DB2-02A3DBF49872}.Debug|Any CPU.ActiveCfg = Debug|Any CPU
		{09ED8F04-63C3-444C-8DB2-02A3DBF49872}.Debug|Any CPU.Build.0 = Debug|Any CPU
		{09ED8F04-63C3-444C-8DB2-02A3DBF49872}.Debug|iPhone.ActiveCfg = Debug|Any CPU
		{09ED8F04-63C3-444C-8DB2-02A3DBF49872}.Debug|iPhone.Build.0 = Debug|Any CPU
		{09ED8F04-63C3-444C-8DB2-02A3DBF49872}.Debug|iPhoneSimulator.ActiveCfg = Debug|Any CPU
		{09ED8F04-63C3-444C-8DB2-02A3DBF49872}.Debug|iPhoneSimulator.Build.0 = Debug|Any CPU
		{09ED8F04-63C3-444C-8DB2-02A3DBF49872}.Release|Any CPU.ActiveCfg = Release|Any CPU
		{09ED8F04-63C3-444C-8DB2-02A3DBF49872}.Release|Any CPU.Build.0 = Release|Any CPU
		{09ED8F04-63C3-444C-8DB2-02A3DBF49872}.Release|iPhone.ActiveCfg = Release|Any CPU
		{09ED8F04-63C3-444C-8DB2-02A3DBF49872}.Release|iPhone.Build.0 = Release|Any CPU
		{09ED8F04-63C3-444C-8DB2-02A3DBF49872}.Release|iPhoneSimulator.ActiveCfg = Release|Any CPU
		{09ED8F04-63C3-444C-8DB2-02A3DBF49872}.Release|iPhoneSimulator.Build.0 = Release|Any CPU
		{B76BCEE8-6980-4979-9204-C78E54FA63DB}.Debug|Any CPU.ActiveCfg = Debug|Any CPU
		{B76BCEE8-6980-4979-9204-C78E54FA63DB}.Debug|Any CPU.Build.0 = Debug|Any CPU
		{B76BCEE8-6980-4979-9204-C78E54FA63DB}.Debug|iPhone.ActiveCfg = Debug|Any CPU
		{B76BCEE8-6980-4979-9204-C78E54FA63DB}.Debug|iPhone.Build.0 = Debug|Any CPU
		{B76BCEE8-6980-4979-9204-C78E54FA63DB}.Debug|iPhoneSimulator.ActiveCfg = Debug|Any CPU
		{B76BCEE8-6980-4979-9204-C78E54FA63DB}.Debug|iPhoneSimulator.Build.0 = Debug|Any CPU
		{B76BCEE8-6980-4979-9204-C78E54FA63DB}.Release|Any CPU.ActiveCfg = Release|Any CPU
		{B76BCEE8-6980-4979-9204-C78E54FA63DB}.Release|Any CPU.Build.0 = Release|Any CPU
		{B76BCEE8-6980-4979-9204-C78E54FA63DB}.Release|iPhone.ActiveCfg = Release|Any CPU
		{B76BCEE8-6980-4979-9204-C78E54FA63DB}.Release|iPhone.Build.0 = Release|Any CPU
		{B76BCEE8-6980-4979-9204-C78E54FA63DB}.Release|iPhoneSimulator.ActiveCfg = Release|Any CPU
		{B76BCEE8-6980-4979-9204-C78E54FA63DB}.Release|iPhoneSimulator.Build.0 = Release|Any CPU
		{17E48EFD-0D78-4A53-AA36-49C52996FE32}.Debug|Any CPU.ActiveCfg = Debug|Any CPU
		{17E48EFD-0D78-4A53-AA36-49C52996FE32}.Debug|Any CPU.Build.0 = Debug|Any CPU
		{17E48EFD-0D78-4A53-AA36-49C52996FE32}.Debug|iPhone.ActiveCfg = Debug|Any CPU
		{17E48EFD-0D78-4A53-AA36-49C52996FE32}.Debug|iPhone.Build.0 = Debug|Any CPU
		{17E48EFD-0D78-4A53-AA36-49C52996FE32}.Debug|iPhoneSimulator.ActiveCfg = Debug|Any CPU
		{17E48EFD-0D78-4A53-AA36-49C52996FE32}.Debug|iPhoneSimulator.Build.0 = Debug|Any CPU
		{17E48EFD-0D78-4A53-AA36-49C52996FE32}.Release|Any CPU.ActiveCfg = Release|Any CPU
		{17E48EFD-0D78-4A53-AA36-49C52996FE32}.Release|Any CPU.Build.0 = Release|Any CPU
		{17E48EFD-0D78-4A53-AA36-49C52996FE32}.Release|iPhone.ActiveCfg = Release|Any CPU
		{17E48EFD-0D78-4A53-AA36-49C52996FE32}.Release|iPhone.Build.0 = Release|Any CPU
		{17E48EFD-0D78-4A53-AA36-49C52996FE32}.Release|iPhoneSimulator.ActiveCfg = Release|Any CPU
		{17E48EFD-0D78-4A53-AA36-49C52996FE32}.Release|iPhoneSimulator.Build.0 = Release|Any CPU
		{04AE0413-A3BD-4449-A2FC-327AEB9A00FE}.Debug|Any CPU.ActiveCfg = Debug|Any CPU
		{04AE0413-A3BD-4449-A2FC-327AEB9A00FE}.Debug|Any CPU.Build.0 = Debug|Any CPU
		{04AE0413-A3BD-4449-A2FC-327AEB9A00FE}.Debug|iPhone.ActiveCfg = Debug|Any CPU
		{04AE0413-A3BD-4449-A2FC-327AEB9A00FE}.Debug|iPhone.Build.0 = Debug|Any CPU
		{04AE0413-A3BD-4449-A2FC-327AEB9A00FE}.Debug|iPhoneSimulator.ActiveCfg = Debug|Any CPU
		{04AE0413-A3BD-4449-A2FC-327AEB9A00FE}.Debug|iPhoneSimulator.Build.0 = Debug|Any CPU
		{04AE0413-A3BD-4449-A2FC-327AEB9A00FE}.Release|Any CPU.ActiveCfg = Release|Any CPU
		{04AE0413-A3BD-4449-A2FC-327AEB9A00FE}.Release|Any CPU.Build.0 = Release|Any CPU
		{04AE0413-A3BD-4449-A2FC-327AEB9A00FE}.Release|iPhone.ActiveCfg = Release|Any CPU
		{04AE0413-A3BD-4449-A2FC-327AEB9A00FE}.Release|iPhone.Build.0 = Release|Any CPU
		{04AE0413-A3BD-4449-A2FC-327AEB9A00FE}.Release|iPhoneSimulator.ActiveCfg = Release|Any CPU
		{04AE0413-A3BD-4449-A2FC-327AEB9A00FE}.Release|iPhoneSimulator.Build.0 = Release|Any CPU
		{022D9CF5-0AD6-4934-BB1D-E7AB9FF401FE}.Debug|Any CPU.ActiveCfg = Debug|Any CPU
		{022D9CF5-0AD6-4934-BB1D-E7AB9FF401FE}.Debug|Any CPU.Build.0 = Debug|Any CPU
		{022D9CF5-0AD6-4934-BB1D-E7AB9FF401FE}.Debug|iPhone.ActiveCfg = Debug|Any CPU
		{022D9CF5-0AD6-4934-BB1D-E7AB9FF401FE}.Debug|iPhone.Build.0 = Debug|Any CPU
		{022D9CF5-0AD6-4934-BB1D-E7AB9FF401FE}.Debug|iPhoneSimulator.ActiveCfg = Debug|Any CPU
		{022D9CF5-0AD6-4934-BB1D-E7AB9FF401FE}.Debug|iPhoneSimulator.Build.0 = Debug|Any CPU
		{022D9CF5-0AD6-4934-BB1D-E7AB9FF401FE}.Release|Any CPU.ActiveCfg = Release|Any CPU
		{022D9CF5-0AD6-4934-BB1D-E7AB9FF401FE}.Release|Any CPU.Build.0 = Release|Any CPU
		{022D9CF5-0AD6-4934-BB1D-E7AB9FF401FE}.Release|iPhone.ActiveCfg = Release|Any CPU
		{022D9CF5-0AD6-4934-BB1D-E7AB9FF401FE}.Release|iPhone.Build.0 = Release|Any CPU
		{022D9CF5-0AD6-4934-BB1D-E7AB9FF401FE}.Release|iPhoneSimulator.ActiveCfg = Release|Any CPU
		{022D9CF5-0AD6-4934-BB1D-E7AB9FF401FE}.Release|iPhoneSimulator.Build.0 = Release|Any CPU
		{4D95D05F-F4A4-499A-95CA-237DDF346977}.Debug|Any CPU.ActiveCfg = Debug|Any CPU
		{4D95D05F-F4A4-499A-95CA-237DDF346977}.Debug|Any CPU.Build.0 = Debug|Any CPU
		{4D95D05F-F4A4-499A-95CA-237DDF346977}.Debug|iPhone.ActiveCfg = Debug|Any CPU
		{4D95D05F-F4A4-499A-95CA-237DDF346977}.Debug|iPhone.Build.0 = Debug|Any CPU
		{4D95D05F-F4A4-499A-95CA-237DDF346977}.Debug|iPhoneSimulator.ActiveCfg = Debug|Any CPU
		{4D95D05F-F4A4-499A-95CA-237DDF346977}.Debug|iPhoneSimulator.Build.0 = Debug|Any CPU
		{4D95D05F-F4A4-499A-95CA-237DDF346977}.Release|Any CPU.ActiveCfg = Release|Any CPU
		{4D95D05F-F4A4-499A-95CA-237DDF346977}.Release|Any CPU.Build.0 = Release|Any CPU
		{4D95D05F-F4A4-499A-95CA-237DDF346977}.Release|iPhone.ActiveCfg = Release|Any CPU
		{4D95D05F-F4A4-499A-95CA-237DDF346977}.Release|iPhone.Build.0 = Release|Any CPU
		{4D95D05F-F4A4-499A-95CA-237DDF346977}.Release|iPhoneSimulator.ActiveCfg = Release|Any CPU
		{4D95D05F-F4A4-499A-95CA-237DDF346977}.Release|iPhoneSimulator.Build.0 = Release|Any CPU
		{7CD198B8-EF3B-4B4C-BB87-FB55B38319D9}.Debug|Any CPU.ActiveCfg = Debug|Any CPU
		{7CD198B8-EF3B-4B4C-BB87-FB55B38319D9}.Debug|Any CPU.Build.0 = Debug|Any CPU
		{7CD198B8-EF3B-4B4C-BB87-FB55B38319D9}.Debug|iPhone.ActiveCfg = Debug|Any CPU
		{7CD198B8-EF3B-4B4C-BB87-FB55B38319D9}.Debug|iPhone.Build.0 = Debug|Any CPU
		{7CD198B8-EF3B-4B4C-BB87-FB55B38319D9}.Debug|iPhoneSimulator.ActiveCfg = Debug|Any CPU
		{7CD198B8-EF3B-4B4C-BB87-FB55B38319D9}.Debug|iPhoneSimulator.Build.0 = Debug|Any CPU
		{7CD198B8-EF3B-4B4C-BB87-FB55B38319D9}.Release|Any CPU.ActiveCfg = Release|Any CPU
		{7CD198B8-EF3B-4B4C-BB87-FB55B38319D9}.Release|Any CPU.Build.0 = Release|Any CPU
		{7CD198B8-EF3B-4B4C-BB87-FB55B38319D9}.Release|iPhone.ActiveCfg = Release|Any CPU
		{7CD198B8-EF3B-4B4C-BB87-FB55B38319D9}.Release|iPhone.Build.0 = Release|Any CPU
		{7CD198B8-EF3B-4B4C-BB87-FB55B38319D9}.Release|iPhoneSimulator.ActiveCfg = Release|Any CPU
		{7CD198B8-EF3B-4B4C-BB87-FB55B38319D9}.Release|iPhoneSimulator.Build.0 = Release|Any CPU
		{169AB34B-07C0-4575-A04A-0EAA15788FE0}.Debug|Any CPU.ActiveCfg = Debug|Any CPU
		{169AB34B-07C0-4575-A04A-0EAA15788FE0}.Debug|Any CPU.Build.0 = Debug|Any CPU
		{169AB34B-07C0-4575-A04A-0EAA15788FE0}.Debug|iPhone.ActiveCfg = Debug|Any CPU
		{169AB34B-07C0-4575-A04A-0EAA15788FE0}.Debug|iPhone.Build.0 = Debug|Any CPU
		{169AB34B-07C0-4575-A04A-0EAA15788FE0}.Debug|iPhoneSimulator.ActiveCfg = Debug|Any CPU
		{169AB34B-07C0-4575-A04A-0EAA15788FE0}.Debug|iPhoneSimulator.Build.0 = Debug|Any CPU
		{169AB34B-07C0-4575-A04A-0EAA15788FE0}.Release|Any CPU.ActiveCfg = Release|Any CPU
		{169AB34B-07C0-4575-A04A-0EAA15788FE0}.Release|Any CPU.Build.0 = Release|Any CPU
		{169AB34B-07C0-4575-A04A-0EAA15788FE0}.Release|iPhone.ActiveCfg = Release|Any CPU
		{169AB34B-07C0-4575-A04A-0EAA15788FE0}.Release|iPhone.Build.0 = Release|Any CPU
		{169AB34B-07C0-4575-A04A-0EAA15788FE0}.Release|iPhoneSimulator.ActiveCfg = Release|Any CPU
		{169AB34B-07C0-4575-A04A-0EAA15788FE0}.Release|iPhoneSimulator.Build.0 = Release|Any CPU
		{C9DEDC2B-A44F-408D-B636-C8808158261F}.Debug|Any CPU.ActiveCfg = Debug|Any CPU
		{C9DEDC2B-A44F-408D-B636-C8808158261F}.Debug|Any CPU.Build.0 = Debug|Any CPU
		{C9DEDC2B-A44F-408D-B636-C8808158261F}.Debug|iPhone.ActiveCfg = Debug|Any CPU
		{C9DEDC2B-A44F-408D-B636-C8808158261F}.Debug|iPhone.Build.0 = Debug|Any CPU
		{C9DEDC2B-A44F-408D-B636-C8808158261F}.Debug|iPhoneSimulator.ActiveCfg = Debug|Any CPU
		{C9DEDC2B-A44F-408D-B636-C8808158261F}.Debug|iPhoneSimulator.Build.0 = Debug|Any CPU
		{C9DEDC2B-A44F-408D-B636-C8808158261F}.Release|Any CPU.ActiveCfg = Release|Any CPU
		{C9DEDC2B-A44F-408D-B636-C8808158261F}.Release|Any CPU.Build.0 = Release|Any CPU
		{C9DEDC2B-A44F-408D-B636-C8808158261F}.Release|iPhone.ActiveCfg = Release|Any CPU
		{C9DEDC2B-A44F-408D-B636-C8808158261F}.Release|iPhone.Build.0 = Release|Any CPU
		{C9DEDC2B-A44F-408D-B636-C8808158261F}.Release|iPhoneSimulator.ActiveCfg = Release|Any CPU
		{C9DEDC2B-A44F-408D-B636-C8808158261F}.Release|iPhoneSimulator.Build.0 = Release|Any CPU
		{2874A8E2-DB71-4B23-AA61-BE112F07CB52}.Debug|Any CPU.ActiveCfg = Debug|Any CPU
		{2874A8E2-DB71-4B23-AA61-BE112F07CB52}.Debug|Any CPU.Build.0 = Debug|Any CPU
		{2874A8E2-DB71-4B23-AA61-BE112F07CB52}.Debug|iPhone.ActiveCfg = Debug|Any CPU
		{2874A8E2-DB71-4B23-AA61-BE112F07CB52}.Debug|iPhone.Build.0 = Debug|Any CPU
		{2874A8E2-DB71-4B23-AA61-BE112F07CB52}.Debug|iPhoneSimulator.ActiveCfg = Debug|Any CPU
		{2874A8E2-DB71-4B23-AA61-BE112F07CB52}.Debug|iPhoneSimulator.Build.0 = Debug|Any CPU
		{2874A8E2-DB71-4B23-AA61-BE112F07CB52}.Release|Any CPU.ActiveCfg = Release|Any CPU
		{2874A8E2-DB71-4B23-AA61-BE112F07CB52}.Release|Any CPU.Build.0 = Release|Any CPU
		{2874A8E2-DB71-4B23-AA61-BE112F07CB52}.Release|iPhone.ActiveCfg = Release|Any CPU
		{2874A8E2-DB71-4B23-AA61-BE112F07CB52}.Release|iPhone.Build.0 = Release|Any CPU
		{2874A8E2-DB71-4B23-AA61-BE112F07CB52}.Release|iPhoneSimulator.ActiveCfg = Release|Any CPU
		{2874A8E2-DB71-4B23-AA61-BE112F07CB52}.Release|iPhoneSimulator.Build.0 = Release|Any CPU
		{6D45028C-3DEA-4A04-9EB9-3D301901560C}.Debug|Any CPU.ActiveCfg = Debug|Any CPU
		{6D45028C-3DEA-4A04-9EB9-3D301901560C}.Debug|Any CPU.Build.0 = Debug|Any CPU
		{6D45028C-3DEA-4A04-9EB9-3D301901560C}.Debug|iPhone.ActiveCfg = Debug|Any CPU
		{6D45028C-3DEA-4A04-9EB9-3D301901560C}.Debug|iPhone.Build.0 = Debug|Any CPU
		{6D45028C-3DEA-4A04-9EB9-3D301901560C}.Debug|iPhoneSimulator.ActiveCfg = Debug|Any CPU
		{6D45028C-3DEA-4A04-9EB9-3D301901560C}.Debug|iPhoneSimulator.Build.0 = Debug|Any CPU
		{6D45028C-3DEA-4A04-9EB9-3D301901560C}.Release|Any CPU.ActiveCfg = Release|Any CPU
		{6D45028C-3DEA-4A04-9EB9-3D301901560C}.Release|Any CPU.Build.0 = Release|Any CPU
		{6D45028C-3DEA-4A04-9EB9-3D301901560C}.Release|iPhone.ActiveCfg = Release|Any CPU
		{6D45028C-3DEA-4A04-9EB9-3D301901560C}.Release|iPhone.Build.0 = Release|Any CPU
		{6D45028C-3DEA-4A04-9EB9-3D301901560C}.Release|iPhoneSimulator.ActiveCfg = Release|Any CPU
		{6D45028C-3DEA-4A04-9EB9-3D301901560C}.Release|iPhoneSimulator.Build.0 = Release|Any CPU
		{C444D061-DC5D-4670-80D7-3D19D6AFB369}.Debug|Any CPU.ActiveCfg = Debug|Any CPU
		{C444D061-DC5D-4670-80D7-3D19D6AFB369}.Debug|Any CPU.Build.0 = Debug|Any CPU
		{C444D061-DC5D-4670-80D7-3D19D6AFB369}.Debug|iPhone.ActiveCfg = Debug|Any CPU
		{C444D061-DC5D-4670-80D7-3D19D6AFB369}.Debug|iPhone.Build.0 = Debug|Any CPU
		{C444D061-DC5D-4670-80D7-3D19D6AFB369}.Debug|iPhoneSimulator.ActiveCfg = Debug|Any CPU
		{C444D061-DC5D-4670-80D7-3D19D6AFB369}.Debug|iPhoneSimulator.Build.0 = Debug|Any CPU
		{C444D061-DC5D-4670-80D7-3D19D6AFB369}.Release|Any CPU.ActiveCfg = Release|Any CPU
		{C444D061-DC5D-4670-80D7-3D19D6AFB369}.Release|Any CPU.Build.0 = Release|Any CPU
		{C444D061-DC5D-4670-80D7-3D19D6AFB369}.Release|iPhone.ActiveCfg = Release|Any CPU
		{C444D061-DC5D-4670-80D7-3D19D6AFB369}.Release|iPhone.Build.0 = Release|Any CPU
		{C444D061-DC5D-4670-80D7-3D19D6AFB369}.Release|iPhoneSimulator.ActiveCfg = Release|Any CPU
		{C444D061-DC5D-4670-80D7-3D19D6AFB369}.Release|iPhoneSimulator.Build.0 = Release|Any CPU
		{612E4F9A-C3F8-4123-9CAC-B6040AB0BC09}.Debug|Any CPU.ActiveCfg = Debug|Any CPU
		{612E4F9A-C3F8-4123-9CAC-B6040AB0BC09}.Debug|Any CPU.Build.0 = Debug|Any CPU
		{612E4F9A-C3F8-4123-9CAC-B6040AB0BC09}.Debug|iPhone.ActiveCfg = Debug|Any CPU
		{612E4F9A-C3F8-4123-9CAC-B6040AB0BC09}.Debug|iPhone.Build.0 = Debug|Any CPU
		{612E4F9A-C3F8-4123-9CAC-B6040AB0BC09}.Debug|iPhoneSimulator.ActiveCfg = Debug|Any CPU
		{612E4F9A-C3F8-4123-9CAC-B6040AB0BC09}.Debug|iPhoneSimulator.Build.0 = Debug|Any CPU
		{612E4F9A-C3F8-4123-9CAC-B6040AB0BC09}.Release|Any CPU.ActiveCfg = Release|Any CPU
		{612E4F9A-C3F8-4123-9CAC-B6040AB0BC09}.Release|Any CPU.Build.0 = Release|Any CPU
		{612E4F9A-C3F8-4123-9CAC-B6040AB0BC09}.Release|iPhone.ActiveCfg = Release|Any CPU
		{612E4F9A-C3F8-4123-9CAC-B6040AB0BC09}.Release|iPhone.Build.0 = Release|Any CPU
		{612E4F9A-C3F8-4123-9CAC-B6040AB0BC09}.Release|iPhoneSimulator.ActiveCfg = Release|Any CPU
		{612E4F9A-C3F8-4123-9CAC-B6040AB0BC09}.Release|iPhoneSimulator.Build.0 = Release|Any CPU
		{566772FB-B7A0-49BE-89FD-5225D3985D45}.Debug|Any CPU.ActiveCfg = Debug|Any CPU
		{566772FB-B7A0-49BE-89FD-5225D3985D45}.Debug|Any CPU.Build.0 = Debug|Any CPU
		{566772FB-B7A0-49BE-89FD-5225D3985D45}.Debug|Any CPU.Deploy.0 = Debug|Any CPU
		{566772FB-B7A0-49BE-89FD-5225D3985D45}.Debug|iPhone.ActiveCfg = Debug|Any CPU
		{566772FB-B7A0-49BE-89FD-5225D3985D45}.Debug|iPhone.Build.0 = Debug|Any CPU
		{566772FB-B7A0-49BE-89FD-5225D3985D45}.Debug|iPhone.Deploy.0 = Debug|Any CPU
		{566772FB-B7A0-49BE-89FD-5225D3985D45}.Debug|iPhoneSimulator.ActiveCfg = Debug|Any CPU
		{566772FB-B7A0-49BE-89FD-5225D3985D45}.Debug|iPhoneSimulator.Build.0 = Debug|Any CPU
		{566772FB-B7A0-49BE-89FD-5225D3985D45}.Debug|iPhoneSimulator.Deploy.0 = Debug|Any CPU
		{566772FB-B7A0-49BE-89FD-5225D3985D45}.Release|Any CPU.ActiveCfg = Release|Any CPU
		{566772FB-B7A0-49BE-89FD-5225D3985D45}.Release|Any CPU.Build.0 = Release|Any CPU
		{566772FB-B7A0-49BE-89FD-5225D3985D45}.Release|Any CPU.Deploy.0 = Release|Any CPU
		{566772FB-B7A0-49BE-89FD-5225D3985D45}.Release|iPhone.ActiveCfg = Release|Any CPU
		{566772FB-B7A0-49BE-89FD-5225D3985D45}.Release|iPhone.Build.0 = Release|Any CPU
		{566772FB-B7A0-49BE-89FD-5225D3985D45}.Release|iPhone.Deploy.0 = Release|Any CPU
		{566772FB-B7A0-49BE-89FD-5225D3985D45}.Release|iPhoneSimulator.ActiveCfg = Release|Any CPU
		{566772FB-B7A0-49BE-89FD-5225D3985D45}.Release|iPhoneSimulator.Build.0 = Release|Any CPU
		{566772FB-B7A0-49BE-89FD-5225D3985D45}.Release|iPhoneSimulator.Deploy.0 = Release|Any CPU
		{C9B9D812-D8CD-4E87-9878-D5ADD0ED58C4}.Debug|Any CPU.ActiveCfg = Debug|iPhone
		{C9B9D812-D8CD-4E87-9878-D5ADD0ED58C4}.Debug|iPhone.ActiveCfg = Debug|iPhone
		{C9B9D812-D8CD-4E87-9878-D5ADD0ED58C4}.Debug|iPhone.Build.0 = Debug|iPhone
		{C9B9D812-D8CD-4E87-9878-D5ADD0ED58C4}.Debug|iPhoneSimulator.ActiveCfg = Debug|iPhoneSimulator
		{C9B9D812-D8CD-4E87-9878-D5ADD0ED58C4}.Debug|iPhoneSimulator.Build.0 = Debug|iPhoneSimulator
		{C9B9D812-D8CD-4E87-9878-D5ADD0ED58C4}.Release|Any CPU.ActiveCfg = Release|iPhone
		{C9B9D812-D8CD-4E87-9878-D5ADD0ED58C4}.Release|iPhone.ActiveCfg = Release|iPhone
		{C9B9D812-D8CD-4E87-9878-D5ADD0ED58C4}.Release|iPhone.Build.0 = Release|iPhone
		{C9B9D812-D8CD-4E87-9878-D5ADD0ED58C4}.Release|iPhoneSimulator.ActiveCfg = Release|iPhoneSimulator
		{C9B9D812-D8CD-4E87-9878-D5ADD0ED58C4}.Release|iPhoneSimulator.Build.0 = Release|iPhoneSimulator
		{4C72411F-E5AF-46C0-AE2A-6B71ECC11563}.Debug|Any CPU.ActiveCfg = Debug|Any CPU
		{4C72411F-E5AF-46C0-AE2A-6B71ECC11563}.Debug|Any CPU.Build.0 = Debug|Any CPU
		{4C72411F-E5AF-46C0-AE2A-6B71ECC11563}.Debug|iPhone.ActiveCfg = Debug|Any CPU
		{4C72411F-E5AF-46C0-AE2A-6B71ECC11563}.Debug|iPhone.Build.0 = Debug|Any CPU
		{4C72411F-E5AF-46C0-AE2A-6B71ECC11563}.Debug|iPhoneSimulator.ActiveCfg = Debug|Any CPU
		{4C72411F-E5AF-46C0-AE2A-6B71ECC11563}.Debug|iPhoneSimulator.Build.0 = Debug|Any CPU
		{4C72411F-E5AF-46C0-AE2A-6B71ECC11563}.Release|Any CPU.ActiveCfg = Release|Any CPU
		{4C72411F-E5AF-46C0-AE2A-6B71ECC11563}.Release|Any CPU.Build.0 = Release|Any CPU
		{4C72411F-E5AF-46C0-AE2A-6B71ECC11563}.Release|iPhone.ActiveCfg = Release|Any CPU
		{4C72411F-E5AF-46C0-AE2A-6B71ECC11563}.Release|iPhone.Build.0 = Release|Any CPU
		{4C72411F-E5AF-46C0-AE2A-6B71ECC11563}.Release|iPhoneSimulator.ActiveCfg = Release|Any CPU
		{4C72411F-E5AF-46C0-AE2A-6B71ECC11563}.Release|iPhoneSimulator.Build.0 = Release|Any CPU
		{6231D5FF-AE4A-4419-8B48-9AC626F76CB1}.Debug|Any CPU.ActiveCfg = Debug|Any CPU
		{6231D5FF-AE4A-4419-8B48-9AC626F76CB1}.Debug|Any CPU.Build.0 = Debug|Any CPU
		{6231D5FF-AE4A-4419-8B48-9AC626F76CB1}.Debug|iPhone.ActiveCfg = Debug|Any CPU
		{6231D5FF-AE4A-4419-8B48-9AC626F76CB1}.Debug|iPhone.Build.0 = Debug|Any CPU
		{6231D5FF-AE4A-4419-8B48-9AC626F76CB1}.Debug|iPhoneSimulator.ActiveCfg = Debug|Any CPU
		{6231D5FF-AE4A-4419-8B48-9AC626F76CB1}.Debug|iPhoneSimulator.Build.0 = Debug|Any CPU
		{6231D5FF-AE4A-4419-8B48-9AC626F76CB1}.Release|Any CPU.ActiveCfg = Release|Any CPU
		{6231D5FF-AE4A-4419-8B48-9AC626F76CB1}.Release|Any CPU.Build.0 = Release|Any CPU
		{6231D5FF-AE4A-4419-8B48-9AC626F76CB1}.Release|iPhone.ActiveCfg = Release|Any CPU
		{6231D5FF-AE4A-4419-8B48-9AC626F76CB1}.Release|iPhone.Build.0 = Release|Any CPU
		{6231D5FF-AE4A-4419-8B48-9AC626F76CB1}.Release|iPhoneSimulator.ActiveCfg = Release|Any CPU
		{6231D5FF-AE4A-4419-8B48-9AC626F76CB1}.Release|iPhoneSimulator.Build.0 = Release|Any CPU
		{B8E02923-4D78-4810-B136-3A35D128AD83}.Debug|Any CPU.ActiveCfg = Debug|Any CPU
		{B8E02923-4D78-4810-B136-3A35D128AD83}.Debug|Any CPU.Build.0 = Debug|Any CPU
		{B8E02923-4D78-4810-B136-3A35D128AD83}.Debug|Any CPU.Deploy.0 = Debug|Any CPU
		{B8E02923-4D78-4810-B136-3A35D128AD83}.Debug|iPhone.ActiveCfg = Debug|Any CPU
		{B8E02923-4D78-4810-B136-3A35D128AD83}.Debug|iPhone.Build.0 = Debug|Any CPU
		{B8E02923-4D78-4810-B136-3A35D128AD83}.Debug|iPhone.Deploy.0 = Debug|Any CPU
		{B8E02923-4D78-4810-B136-3A35D128AD83}.Debug|iPhoneSimulator.ActiveCfg = Debug|Any CPU
		{B8E02923-4D78-4810-B136-3A35D128AD83}.Debug|iPhoneSimulator.Build.0 = Debug|Any CPU
		{B8E02923-4D78-4810-B136-3A35D128AD83}.Debug|iPhoneSimulator.Deploy.0 = Debug|Any CPU
		{B8E02923-4D78-4810-B136-3A35D128AD83}.Release|Any CPU.ActiveCfg = Release|Any CPU
		{B8E02923-4D78-4810-B136-3A35D128AD83}.Release|Any CPU.Build.0 = Release|Any CPU
		{B8E02923-4D78-4810-B136-3A35D128AD83}.Release|Any CPU.Deploy.0 = Release|Any CPU
		{B8E02923-4D78-4810-B136-3A35D128AD83}.Release|iPhone.ActiveCfg = Release|Any CPU
		{B8E02923-4D78-4810-B136-3A35D128AD83}.Release|iPhone.Build.0 = Release|Any CPU
		{B8E02923-4D78-4810-B136-3A35D128AD83}.Release|iPhone.Deploy.0 = Release|Any CPU
		{B8E02923-4D78-4810-B136-3A35D128AD83}.Release|iPhoneSimulator.ActiveCfg = Release|Any CPU
		{B8E02923-4D78-4810-B136-3A35D128AD83}.Release|iPhoneSimulator.Build.0 = Release|Any CPU
		{B8E02923-4D78-4810-B136-3A35D128AD83}.Release|iPhoneSimulator.Deploy.0 = Release|Any CPU
		{6ED51F72-AF2A-4EC5-9C6D-1619A3094B40}.Debug|Any CPU.ActiveCfg = Debug|iPhone
		{6ED51F72-AF2A-4EC5-9C6D-1619A3094B40}.Debug|iPhone.ActiveCfg = Debug|iPhone
		{6ED51F72-AF2A-4EC5-9C6D-1619A3094B40}.Debug|iPhone.Build.0 = Debug|iPhone
		{6ED51F72-AF2A-4EC5-9C6D-1619A3094B40}.Debug|iPhoneSimulator.ActiveCfg = Debug|iPhoneSimulator
		{6ED51F72-AF2A-4EC5-9C6D-1619A3094B40}.Debug|iPhoneSimulator.Build.0 = Debug|iPhoneSimulator
		{6ED51F72-AF2A-4EC5-9C6D-1619A3094B40}.Release|Any CPU.ActiveCfg = Release|iPhone
		{6ED51F72-AF2A-4EC5-9C6D-1619A3094B40}.Release|iPhone.ActiveCfg = Release|iPhone
		{6ED51F72-AF2A-4EC5-9C6D-1619A3094B40}.Release|iPhone.Build.0 = Release|iPhone
		{6ED51F72-AF2A-4EC5-9C6D-1619A3094B40}.Release|iPhoneSimulator.ActiveCfg = Release|iPhoneSimulator
		{6ED51F72-AF2A-4EC5-9C6D-1619A3094B40}.Release|iPhoneSimulator.Build.0 = Release|iPhoneSimulator
		{2D7557E0-81E5-408F-906A-20E91037B9D5}.Debug|Any CPU.ActiveCfg = Debug|Any CPU
		{2D7557E0-81E5-408F-906A-20E91037B9D5}.Debug|Any CPU.Build.0 = Debug|Any CPU
		{2D7557E0-81E5-408F-906A-20E91037B9D5}.Debug|iPhone.ActiveCfg = Debug|Any CPU
		{2D7557E0-81E5-408F-906A-20E91037B9D5}.Debug|iPhone.Build.0 = Debug|Any CPU
		{2D7557E0-81E5-408F-906A-20E91037B9D5}.Debug|iPhoneSimulator.ActiveCfg = Debug|Any CPU
		{2D7557E0-81E5-408F-906A-20E91037B9D5}.Debug|iPhoneSimulator.Build.0 = Debug|Any CPU
		{2D7557E0-81E5-408F-906A-20E91037B9D5}.Release|Any CPU.ActiveCfg = Release|Any CPU
		{2D7557E0-81E5-408F-906A-20E91037B9D5}.Release|Any CPU.Build.0 = Release|Any CPU
		{2D7557E0-81E5-408F-906A-20E91037B9D5}.Release|iPhone.ActiveCfg = Release|Any CPU
		{2D7557E0-81E5-408F-906A-20E91037B9D5}.Release|iPhone.Build.0 = Release|Any CPU
		{2D7557E0-81E5-408F-906A-20E91037B9D5}.Release|iPhoneSimulator.ActiveCfg = Release|Any CPU
		{2D7557E0-81E5-408F-906A-20E91037B9D5}.Release|iPhoneSimulator.Build.0 = Release|Any CPU
		{239B2FD4-7E18-471A-B41A-6D46FCC0A045}.Debug|Any CPU.ActiveCfg = Debug|Any CPU
		{239B2FD4-7E18-471A-B41A-6D46FCC0A045}.Debug|Any CPU.Build.0 = Debug|Any CPU
		{239B2FD4-7E18-471A-B41A-6D46FCC0A045}.Debug|iPhone.ActiveCfg = Debug|Any CPU
		{239B2FD4-7E18-471A-B41A-6D46FCC0A045}.Debug|iPhone.Build.0 = Debug|Any CPU
		{239B2FD4-7E18-471A-B41A-6D46FCC0A045}.Debug|iPhoneSimulator.ActiveCfg = Debug|Any CPU
		{239B2FD4-7E18-471A-B41A-6D46FCC0A045}.Debug|iPhoneSimulator.Build.0 = Debug|Any CPU
		{239B2FD4-7E18-471A-B41A-6D46FCC0A045}.Release|Any CPU.ActiveCfg = Release|Any CPU
		{239B2FD4-7E18-471A-B41A-6D46FCC0A045}.Release|Any CPU.Build.0 = Release|Any CPU
		{239B2FD4-7E18-471A-B41A-6D46FCC0A045}.Release|iPhone.ActiveCfg = Release|Any CPU
		{239B2FD4-7E18-471A-B41A-6D46FCC0A045}.Release|iPhone.Build.0 = Release|Any CPU
		{239B2FD4-7E18-471A-B41A-6D46FCC0A045}.Release|iPhoneSimulator.ActiveCfg = Release|Any CPU
		{239B2FD4-7E18-471A-B41A-6D46FCC0A045}.Release|iPhoneSimulator.Build.0 = Release|Any CPU
		{EF5AEE69-55F6-47AC-AA9B-1DFEA00293C7}.Debug|Any CPU.ActiveCfg = Debug|Any CPU
		{EF5AEE69-55F6-47AC-AA9B-1DFEA00293C7}.Debug|Any CPU.Build.0 = Debug|Any CPU
		{EF5AEE69-55F6-47AC-AA9B-1DFEA00293C7}.Debug|iPhone.ActiveCfg = Debug|Any CPU
		{EF5AEE69-55F6-47AC-AA9B-1DFEA00293C7}.Debug|iPhone.Build.0 = Debug|Any CPU
		{EF5AEE69-55F6-47AC-AA9B-1DFEA00293C7}.Debug|iPhoneSimulator.ActiveCfg = Debug|Any CPU
		{EF5AEE69-55F6-47AC-AA9B-1DFEA00293C7}.Debug|iPhoneSimulator.Build.0 = Debug|Any CPU
		{EF5AEE69-55F6-47AC-AA9B-1DFEA00293C7}.Release|Any CPU.ActiveCfg = Release|Any CPU
		{EF5AEE69-55F6-47AC-AA9B-1DFEA00293C7}.Release|Any CPU.Build.0 = Release|Any CPU
		{EF5AEE69-55F6-47AC-AA9B-1DFEA00293C7}.Release|iPhone.ActiveCfg = Release|Any CPU
		{EF5AEE69-55F6-47AC-AA9B-1DFEA00293C7}.Release|iPhone.Build.0 = Release|Any CPU
		{EF5AEE69-55F6-47AC-AA9B-1DFEA00293C7}.Release|iPhoneSimulator.ActiveCfg = Release|Any CPU
		{EF5AEE69-55F6-47AC-AA9B-1DFEA00293C7}.Release|iPhoneSimulator.Build.0 = Release|Any CPU
		{C45BC238-80B4-4B5D-9C1C-EE3D8B51897A}.Debug|Any CPU.ActiveCfg = Debug|Any CPU
		{C45BC238-80B4-4B5D-9C1C-EE3D8B51897A}.Debug|Any CPU.Build.0 = Debug|Any CPU
		{C45BC238-80B4-4B5D-9C1C-EE3D8B51897A}.Debug|iPhone.ActiveCfg = Debug|Any CPU
		{C45BC238-80B4-4B5D-9C1C-EE3D8B51897A}.Debug|iPhone.Build.0 = Debug|Any CPU
		{C45BC238-80B4-4B5D-9C1C-EE3D8B51897A}.Debug|iPhoneSimulator.ActiveCfg = Debug|Any CPU
		{C45BC238-80B4-4B5D-9C1C-EE3D8B51897A}.Debug|iPhoneSimulator.Build.0 = Debug|Any CPU
		{C45BC238-80B4-4B5D-9C1C-EE3D8B51897A}.Release|Any CPU.ActiveCfg = Release|Any CPU
		{C45BC238-80B4-4B5D-9C1C-EE3D8B51897A}.Release|Any CPU.Build.0 = Release|Any CPU
		{C45BC238-80B4-4B5D-9C1C-EE3D8B51897A}.Release|iPhone.ActiveCfg = Release|Any CPU
		{C45BC238-80B4-4B5D-9C1C-EE3D8B51897A}.Release|iPhone.Build.0 = Release|Any CPU
		{C45BC238-80B4-4B5D-9C1C-EE3D8B51897A}.Release|iPhoneSimulator.ActiveCfg = Release|Any CPU
		{C45BC238-80B4-4B5D-9C1C-EE3D8B51897A}.Release|iPhoneSimulator.Build.0 = Release|Any CPU
		{E949B817-C110-44CE-AA65-E950A1D18BAC}.Debug|Any CPU.ActiveCfg = Debug|Any CPU
		{E949B817-C110-44CE-AA65-E950A1D18BAC}.Debug|Any CPU.Build.0 = Debug|Any CPU
		{E949B817-C110-44CE-AA65-E950A1D18BAC}.Debug|iPhone.ActiveCfg = Debug|Any CPU
		{E949B817-C110-44CE-AA65-E950A1D18BAC}.Debug|iPhone.Build.0 = Debug|Any CPU
		{E949B817-C110-44CE-AA65-E950A1D18BAC}.Debug|iPhoneSimulator.ActiveCfg = Debug|Any CPU
		{E949B817-C110-44CE-AA65-E950A1D18BAC}.Debug|iPhoneSimulator.Build.0 = Debug|Any CPU
		{E949B817-C110-44CE-AA65-E950A1D18BAC}.Release|Any CPU.ActiveCfg = Release|Any CPU
		{E949B817-C110-44CE-AA65-E950A1D18BAC}.Release|Any CPU.Build.0 = Release|Any CPU
		{E949B817-C110-44CE-AA65-E950A1D18BAC}.Release|iPhone.ActiveCfg = Release|Any CPU
		{E949B817-C110-44CE-AA65-E950A1D18BAC}.Release|iPhone.Build.0 = Release|Any CPU
		{E949B817-C110-44CE-AA65-E950A1D18BAC}.Release|iPhoneSimulator.ActiveCfg = Release|Any CPU
		{E949B817-C110-44CE-AA65-E950A1D18BAC}.Release|iPhoneSimulator.Build.0 = Release|Any CPU
		{8388C8A3-0464-4B90-B231-32FD8437699B}.Debug|Any CPU.ActiveCfg = Debug|Any CPU
		{8388C8A3-0464-4B90-B231-32FD8437699B}.Debug|Any CPU.Build.0 = Debug|Any CPU
		{8388C8A3-0464-4B90-B231-32FD8437699B}.Debug|iPhone.ActiveCfg = Debug|Any CPU
		{8388C8A3-0464-4B90-B231-32FD8437699B}.Debug|iPhone.Build.0 = Debug|Any CPU
		{8388C8A3-0464-4B90-B231-32FD8437699B}.Debug|iPhoneSimulator.ActiveCfg = Debug|Any CPU
		{8388C8A3-0464-4B90-B231-32FD8437699B}.Debug|iPhoneSimulator.Build.0 = Debug|Any CPU
		{8388C8A3-0464-4B90-B231-32FD8437699B}.Release|Any CPU.ActiveCfg = Release|Any CPU
		{8388C8A3-0464-4B90-B231-32FD8437699B}.Release|Any CPU.Build.0 = Release|Any CPU
		{8388C8A3-0464-4B90-B231-32FD8437699B}.Release|iPhone.ActiveCfg = Release|Any CPU
		{8388C8A3-0464-4B90-B231-32FD8437699B}.Release|iPhone.Build.0 = Release|Any CPU
		{8388C8A3-0464-4B90-B231-32FD8437699B}.Release|iPhoneSimulator.ActiveCfg = Release|Any CPU
		{8388C8A3-0464-4B90-B231-32FD8437699B}.Release|iPhoneSimulator.Build.0 = Release|Any CPU
		{96ECB487-2064-4339-B58F-A35300DEAEF6}.Debug|Any CPU.ActiveCfg = Debug|Any CPU
		{96ECB487-2064-4339-B58F-A35300DEAEF6}.Debug|Any CPU.Build.0 = Debug|Any CPU
		{96ECB487-2064-4339-B58F-A35300DEAEF6}.Debug|iPhone.ActiveCfg = Debug|Any CPU
		{96ECB487-2064-4339-B58F-A35300DEAEF6}.Debug|iPhone.Build.0 = Debug|Any CPU
		{96ECB487-2064-4339-B58F-A35300DEAEF6}.Debug|iPhoneSimulator.ActiveCfg = Debug|Any CPU
		{96ECB487-2064-4339-B58F-A35300DEAEF6}.Debug|iPhoneSimulator.Build.0 = Debug|Any CPU
		{96ECB487-2064-4339-B58F-A35300DEAEF6}.Release|Any CPU.ActiveCfg = Release|Any CPU
		{96ECB487-2064-4339-B58F-A35300DEAEF6}.Release|Any CPU.Build.0 = Release|Any CPU
		{96ECB487-2064-4339-B58F-A35300DEAEF6}.Release|iPhone.ActiveCfg = Release|Any CPU
		{96ECB487-2064-4339-B58F-A35300DEAEF6}.Release|iPhone.Build.0 = Release|Any CPU
		{96ECB487-2064-4339-B58F-A35300DEAEF6}.Release|iPhoneSimulator.ActiveCfg = Release|Any CPU
		{96ECB487-2064-4339-B58F-A35300DEAEF6}.Release|iPhoneSimulator.Build.0 = Release|Any CPU
		{1C9ADA1F-BADB-410F-A7CB-283D41333163}.Debug|Any CPU.ActiveCfg = Debug|Any CPU
		{1C9ADA1F-BADB-410F-A7CB-283D41333163}.Debug|Any CPU.Build.0 = Debug|Any CPU
		{1C9ADA1F-BADB-410F-A7CB-283D41333163}.Debug|iPhone.ActiveCfg = Debug|Any CPU
		{1C9ADA1F-BADB-410F-A7CB-283D41333163}.Debug|iPhone.Build.0 = Debug|Any CPU
		{1C9ADA1F-BADB-410F-A7CB-283D41333163}.Debug|iPhoneSimulator.ActiveCfg = Debug|Any CPU
		{1C9ADA1F-BADB-410F-A7CB-283D41333163}.Debug|iPhoneSimulator.Build.0 = Debug|Any CPU
		{1C9ADA1F-BADB-410F-A7CB-283D41333163}.Release|Any CPU.ActiveCfg = Release|Any CPU
		{1C9ADA1F-BADB-410F-A7CB-283D41333163}.Release|Any CPU.Build.0 = Release|Any CPU
		{1C9ADA1F-BADB-410F-A7CB-283D41333163}.Release|iPhone.ActiveCfg = Release|Any CPU
		{1C9ADA1F-BADB-410F-A7CB-283D41333163}.Release|iPhone.Build.0 = Release|Any CPU
		{1C9ADA1F-BADB-410F-A7CB-283D41333163}.Release|iPhoneSimulator.ActiveCfg = Release|Any CPU
		{1C9ADA1F-BADB-410F-A7CB-283D41333163}.Release|iPhoneSimulator.Build.0 = Release|Any CPU
		{FF622FE9-E80F-4EEF-AA72-2CA8333E5DD9}.Debug|Any CPU.ActiveCfg = Debug|Any CPU
		{FF622FE9-E80F-4EEF-AA72-2CA8333E5DD9}.Debug|Any CPU.Build.0 = Debug|Any CPU
		{FF622FE9-E80F-4EEF-AA72-2CA8333E5DD9}.Debug|iPhone.ActiveCfg = Debug|Any CPU
		{FF622FE9-E80F-4EEF-AA72-2CA8333E5DD9}.Debug|iPhone.Build.0 = Debug|Any CPU
		{FF622FE9-E80F-4EEF-AA72-2CA8333E5DD9}.Debug|iPhoneSimulator.ActiveCfg = Debug|Any CPU
		{FF622FE9-E80F-4EEF-AA72-2CA8333E5DD9}.Debug|iPhoneSimulator.Build.0 = Debug|Any CPU
		{FF622FE9-E80F-4EEF-AA72-2CA8333E5DD9}.Release|Any CPU.ActiveCfg = Release|Any CPU
		{FF622FE9-E80F-4EEF-AA72-2CA8333E5DD9}.Release|Any CPU.Build.0 = Release|Any CPU
		{FF622FE9-E80F-4EEF-AA72-2CA8333E5DD9}.Release|iPhone.ActiveCfg = Release|Any CPU
		{FF622FE9-E80F-4EEF-AA72-2CA8333E5DD9}.Release|iPhone.Build.0 = Release|Any CPU
		{FF622FE9-E80F-4EEF-AA72-2CA8333E5DD9}.Release|iPhoneSimulator.ActiveCfg = Release|Any CPU
		{FF622FE9-E80F-4EEF-AA72-2CA8333E5DD9}.Release|iPhoneSimulator.Build.0 = Release|Any CPU
		{CFA90B49-1EB2-499F-8095-094CCB7532BF}.Debug|Any CPU.ActiveCfg = Debug|Any CPU
		{CFA90B49-1EB2-499F-8095-094CCB7532BF}.Debug|Any CPU.Build.0 = Debug|Any CPU
		{CFA90B49-1EB2-499F-8095-094CCB7532BF}.Debug|iPhone.ActiveCfg = Debug|Any CPU
		{CFA90B49-1EB2-499F-8095-094CCB7532BF}.Debug|iPhone.Build.0 = Debug|Any CPU
		{CFA90B49-1EB2-499F-8095-094CCB7532BF}.Debug|iPhoneSimulator.ActiveCfg = Debug|Any CPU
		{CFA90B49-1EB2-499F-8095-094CCB7532BF}.Debug|iPhoneSimulator.Build.0 = Debug|Any CPU
		{CFA90B49-1EB2-499F-8095-094CCB7532BF}.Release|Any CPU.ActiveCfg = Release|Any CPU
		{CFA90B49-1EB2-499F-8095-094CCB7532BF}.Release|Any CPU.Build.0 = Release|Any CPU
		{CFA90B49-1EB2-499F-8095-094CCB7532BF}.Release|iPhone.ActiveCfg = Release|Any CPU
		{CFA90B49-1EB2-499F-8095-094CCB7532BF}.Release|iPhone.Build.0 = Release|Any CPU
		{CFA90B49-1EB2-499F-8095-094CCB7532BF}.Release|iPhoneSimulator.ActiveCfg = Release|Any CPU
		{CFA90B49-1EB2-499F-8095-094CCB7532BF}.Release|iPhoneSimulator.Build.0 = Release|Any CPU
		{6916E33D-6E6B-4042-96B5-A1C1D3FFEA03}.Debug|Any CPU.ActiveCfg = Debug|Any CPU
		{6916E33D-6E6B-4042-96B5-A1C1D3FFEA03}.Debug|Any CPU.Build.0 = Debug|Any CPU
		{6916E33D-6E6B-4042-96B5-A1C1D3FFEA03}.Debug|iPhone.ActiveCfg = Debug|Any CPU
		{6916E33D-6E6B-4042-96B5-A1C1D3FFEA03}.Debug|iPhone.Build.0 = Debug|Any CPU
		{6916E33D-6E6B-4042-96B5-A1C1D3FFEA03}.Debug|iPhoneSimulator.ActiveCfg = Debug|Any CPU
		{6916E33D-6E6B-4042-96B5-A1C1D3FFEA03}.Debug|iPhoneSimulator.Build.0 = Debug|Any CPU
		{6916E33D-6E6B-4042-96B5-A1C1D3FFEA03}.Release|Any CPU.ActiveCfg = Release|Any CPU
		{6916E33D-6E6B-4042-96B5-A1C1D3FFEA03}.Release|Any CPU.Build.0 = Release|Any CPU
		{6916E33D-6E6B-4042-96B5-A1C1D3FFEA03}.Release|iPhone.ActiveCfg = Release|Any CPU
		{6916E33D-6E6B-4042-96B5-A1C1D3FFEA03}.Release|iPhone.Build.0 = Release|Any CPU
		{6916E33D-6E6B-4042-96B5-A1C1D3FFEA03}.Release|iPhoneSimulator.ActiveCfg = Release|Any CPU
		{6916E33D-6E6B-4042-96B5-A1C1D3FFEA03}.Release|iPhoneSimulator.Build.0 = Release|Any CPU
		{5FC811F0-F428-494F-9A63-C8E24B931131}.Debug|Any CPU.ActiveCfg = Debug|Any CPU
		{5FC811F0-F428-494F-9A63-C8E24B931131}.Debug|Any CPU.Build.0 = Debug|Any CPU
		{5FC811F0-F428-494F-9A63-C8E24B931131}.Debug|iPhone.ActiveCfg = Debug|Any CPU
		{5FC811F0-F428-494F-9A63-C8E24B931131}.Debug|iPhone.Build.0 = Debug|Any CPU
		{5FC811F0-F428-494F-9A63-C8E24B931131}.Debug|iPhoneSimulator.ActiveCfg = Debug|Any CPU
		{5FC811F0-F428-494F-9A63-C8E24B931131}.Debug|iPhoneSimulator.Build.0 = Debug|Any CPU
		{5FC811F0-F428-494F-9A63-C8E24B931131}.Release|Any CPU.ActiveCfg = Release|Any CPU
		{5FC811F0-F428-494F-9A63-C8E24B931131}.Release|Any CPU.Build.0 = Release|Any CPU
		{5FC811F0-F428-494F-9A63-C8E24B931131}.Release|iPhone.ActiveCfg = Release|Any CPU
		{5FC811F0-F428-494F-9A63-C8E24B931131}.Release|iPhone.Build.0 = Release|Any CPU
		{5FC811F0-F428-494F-9A63-C8E24B931131}.Release|iPhoneSimulator.ActiveCfg = Release|Any CPU
		{5FC811F0-F428-494F-9A63-C8E24B931131}.Release|iPhoneSimulator.Build.0 = Release|Any CPU
		{1B6BBC81-EC7D-4D74-A383-0E56BC4426D9}.Debug|Any CPU.ActiveCfg = Debug|Any CPU
		{1B6BBC81-EC7D-4D74-A383-0E56BC4426D9}.Debug|Any CPU.Build.0 = Debug|Any CPU
		{1B6BBC81-EC7D-4D74-A383-0E56BC4426D9}.Debug|iPhone.ActiveCfg = Debug|Any CPU
		{1B6BBC81-EC7D-4D74-A383-0E56BC4426D9}.Debug|iPhone.Build.0 = Debug|Any CPU
		{1B6BBC81-EC7D-4D74-A383-0E56BC4426D9}.Debug|iPhoneSimulator.ActiveCfg = Debug|Any CPU
		{1B6BBC81-EC7D-4D74-A383-0E56BC4426D9}.Debug|iPhoneSimulator.Build.0 = Debug|Any CPU
		{1B6BBC81-EC7D-4D74-A383-0E56BC4426D9}.Release|Any CPU.ActiveCfg = Release|Any CPU
		{1B6BBC81-EC7D-4D74-A383-0E56BC4426D9}.Release|Any CPU.Build.0 = Release|Any CPU
		{1B6BBC81-EC7D-4D74-A383-0E56BC4426D9}.Release|iPhone.ActiveCfg = Release|Any CPU
		{1B6BBC81-EC7D-4D74-A383-0E56BC4426D9}.Release|iPhone.Build.0 = Release|Any CPU
		{1B6BBC81-EC7D-4D74-A383-0E56BC4426D9}.Release|iPhoneSimulator.ActiveCfg = Release|Any CPU
		{1B6BBC81-EC7D-4D74-A383-0E56BC4426D9}.Release|iPhoneSimulator.Build.0 = Release|Any CPU
		{78B053DA-6ED2-4849-ACFC-75E4AF05B17E}.Debug|Any CPU.ActiveCfg = Debug|Any CPU
		{78B053DA-6ED2-4849-ACFC-75E4AF05B17E}.Debug|Any CPU.Build.0 = Debug|Any CPU
		{78B053DA-6ED2-4849-ACFC-75E4AF05B17E}.Debug|iPhone.ActiveCfg = Debug|Any CPU
		{78B053DA-6ED2-4849-ACFC-75E4AF05B17E}.Debug|iPhone.Build.0 = Debug|Any CPU
		{78B053DA-6ED2-4849-ACFC-75E4AF05B17E}.Debug|iPhoneSimulator.ActiveCfg = Debug|Any CPU
		{78B053DA-6ED2-4849-ACFC-75E4AF05B17E}.Debug|iPhoneSimulator.Build.0 = Debug|Any CPU
		{78B053DA-6ED2-4849-ACFC-75E4AF05B17E}.Release|Any CPU.ActiveCfg = Release|Any CPU
		{78B053DA-6ED2-4849-ACFC-75E4AF05B17E}.Release|Any CPU.Build.0 = Release|Any CPU
		{78B053DA-6ED2-4849-ACFC-75E4AF05B17E}.Release|iPhone.ActiveCfg = Release|Any CPU
		{78B053DA-6ED2-4849-ACFC-75E4AF05B17E}.Release|iPhone.Build.0 = Release|Any CPU
		{78B053DA-6ED2-4849-ACFC-75E4AF05B17E}.Release|iPhoneSimulator.ActiveCfg = Release|Any CPU
		{78B053DA-6ED2-4849-ACFC-75E4AF05B17E}.Release|iPhoneSimulator.Build.0 = Release|Any CPU
		{1A176F1B-22E1-41FD-836A-FBF6015B4C26}.Debug|Any CPU.ActiveCfg = Debug|Any CPU
		{1A176F1B-22E1-41FD-836A-FBF6015B4C26}.Debug|Any CPU.Build.0 = Debug|Any CPU
		{1A176F1B-22E1-41FD-836A-FBF6015B4C26}.Debug|iPhone.ActiveCfg = Debug|Any CPU
		{1A176F1B-22E1-41FD-836A-FBF6015B4C26}.Debug|iPhone.Build.0 = Debug|Any CPU
		{1A176F1B-22E1-41FD-836A-FBF6015B4C26}.Debug|iPhoneSimulator.ActiveCfg = Debug|Any CPU
		{1A176F1B-22E1-41FD-836A-FBF6015B4C26}.Debug|iPhoneSimulator.Build.0 = Debug|Any CPU
		{1A176F1B-22E1-41FD-836A-FBF6015B4C26}.Release|Any CPU.ActiveCfg = Release|Any CPU
		{1A176F1B-22E1-41FD-836A-FBF6015B4C26}.Release|Any CPU.Build.0 = Release|Any CPU
		{1A176F1B-22E1-41FD-836A-FBF6015B4C26}.Release|iPhone.ActiveCfg = Release|Any CPU
		{1A176F1B-22E1-41FD-836A-FBF6015B4C26}.Release|iPhone.Build.0 = Release|Any CPU
		{1A176F1B-22E1-41FD-836A-FBF6015B4C26}.Release|iPhoneSimulator.ActiveCfg = Release|Any CPU
		{1A176F1B-22E1-41FD-836A-FBF6015B4C26}.Release|iPhoneSimulator.Build.0 = Release|Any CPU
		{4BB097A0-7653-4D3E-B8B0-9AE75E271798}.Debug|Any CPU.ActiveCfg = Debug|Any CPU
		{4BB097A0-7653-4D3E-B8B0-9AE75E271798}.Debug|Any CPU.Build.0 = Debug|Any CPU
		{4BB097A0-7653-4D3E-B8B0-9AE75E271798}.Debug|iPhone.ActiveCfg = Debug|Any CPU
		{4BB097A0-7653-4D3E-B8B0-9AE75E271798}.Debug|iPhone.Build.0 = Debug|Any CPU
		{4BB097A0-7653-4D3E-B8B0-9AE75E271798}.Debug|iPhoneSimulator.ActiveCfg = Debug|Any CPU
		{4BB097A0-7653-4D3E-B8B0-9AE75E271798}.Debug|iPhoneSimulator.Build.0 = Debug|Any CPU
		{4BB097A0-7653-4D3E-B8B0-9AE75E271798}.Release|Any CPU.ActiveCfg = Release|Any CPU
		{4BB097A0-7653-4D3E-B8B0-9AE75E271798}.Release|Any CPU.Build.0 = Release|Any CPU
		{4BB097A0-7653-4D3E-B8B0-9AE75E271798}.Release|iPhone.ActiveCfg = Release|Any CPU
		{4BB097A0-7653-4D3E-B8B0-9AE75E271798}.Release|iPhone.Build.0 = Release|Any CPU
		{4BB097A0-7653-4D3E-B8B0-9AE75E271798}.Release|iPhoneSimulator.ActiveCfg = Release|Any CPU
		{4BB097A0-7653-4D3E-B8B0-9AE75E271798}.Release|iPhoneSimulator.Build.0 = Release|Any CPU
		{830CEB99-7C99-430F-9871-70846837B0E8}.Debug|Any CPU.ActiveCfg = Debug|Any CPU
		{830CEB99-7C99-430F-9871-70846837B0E8}.Debug|Any CPU.Build.0 = Debug|Any CPU
		{830CEB99-7C99-430F-9871-70846837B0E8}.Debug|iPhone.ActiveCfg = Debug|Any CPU
		{830CEB99-7C99-430F-9871-70846837B0E8}.Debug|iPhone.Build.0 = Debug|Any CPU
		{830CEB99-7C99-430F-9871-70846837B0E8}.Debug|iPhoneSimulator.ActiveCfg = Debug|Any CPU
		{830CEB99-7C99-430F-9871-70846837B0E8}.Debug|iPhoneSimulator.Build.0 = Debug|Any CPU
		{830CEB99-7C99-430F-9871-70846837B0E8}.Release|Any CPU.ActiveCfg = Release|Any CPU
		{830CEB99-7C99-430F-9871-70846837B0E8}.Release|Any CPU.Build.0 = Release|Any CPU
		{830CEB99-7C99-430F-9871-70846837B0E8}.Release|iPhone.ActiveCfg = Release|Any CPU
		{830CEB99-7C99-430F-9871-70846837B0E8}.Release|iPhone.Build.0 = Release|Any CPU
		{830CEB99-7C99-430F-9871-70846837B0E8}.Release|iPhoneSimulator.ActiveCfg = Release|Any CPU
		{830CEB99-7C99-430F-9871-70846837B0E8}.Release|iPhoneSimulator.Build.0 = Release|Any CPU
		{69256B33-E87B-4464-8BA3-4FF9E11676D4}.Debug|Any CPU.ActiveCfg = Debug|Any CPU
		{69256B33-E87B-4464-8BA3-4FF9E11676D4}.Debug|Any CPU.Build.0 = Debug|Any CPU
		{69256B33-E87B-4464-8BA3-4FF9E11676D4}.Debug|iPhone.ActiveCfg = Debug|Any CPU
		{69256B33-E87B-4464-8BA3-4FF9E11676D4}.Debug|iPhone.Build.0 = Debug|Any CPU
		{69256B33-E87B-4464-8BA3-4FF9E11676D4}.Debug|iPhoneSimulator.ActiveCfg = Debug|Any CPU
		{69256B33-E87B-4464-8BA3-4FF9E11676D4}.Debug|iPhoneSimulator.Build.0 = Debug|Any CPU
		{69256B33-E87B-4464-8BA3-4FF9E11676D4}.Release|Any CPU.ActiveCfg = Release|Any CPU
		{69256B33-E87B-4464-8BA3-4FF9E11676D4}.Release|Any CPU.Build.0 = Release|Any CPU
		{69256B33-E87B-4464-8BA3-4FF9E11676D4}.Release|iPhone.ActiveCfg = Release|Any CPU
		{69256B33-E87B-4464-8BA3-4FF9E11676D4}.Release|iPhone.Build.0 = Release|Any CPU
		{69256B33-E87B-4464-8BA3-4FF9E11676D4}.Release|iPhoneSimulator.ActiveCfg = Release|Any CPU
		{69256B33-E87B-4464-8BA3-4FF9E11676D4}.Release|iPhoneSimulator.Build.0 = Release|Any CPU
		{82A3EDA0-B378-4A5D-A137-48252324C3DF}.Debug|Any CPU.ActiveCfg = Debug|Any CPU
		{82A3EDA0-B378-4A5D-A137-48252324C3DF}.Debug|Any CPU.Build.0 = Debug|Any CPU
		{82A3EDA0-B378-4A5D-A137-48252324C3DF}.Debug|iPhone.ActiveCfg = Debug|Any CPU
		{82A3EDA0-B378-4A5D-A137-48252324C3DF}.Debug|iPhone.Build.0 = Debug|Any CPU
		{82A3EDA0-B378-4A5D-A137-48252324C3DF}.Debug|iPhoneSimulator.ActiveCfg = Debug|Any CPU
		{82A3EDA0-B378-4A5D-A137-48252324C3DF}.Debug|iPhoneSimulator.Build.0 = Debug|Any CPU
		{82A3EDA0-B378-4A5D-A137-48252324C3DF}.Release|Any CPU.ActiveCfg = Release|Any CPU
		{82A3EDA0-B378-4A5D-A137-48252324C3DF}.Release|Any CPU.Build.0 = Release|Any CPU
		{82A3EDA0-B378-4A5D-A137-48252324C3DF}.Release|iPhone.ActiveCfg = Release|Any CPU
		{82A3EDA0-B378-4A5D-A137-48252324C3DF}.Release|iPhone.Build.0 = Release|Any CPU
		{82A3EDA0-B378-4A5D-A137-48252324C3DF}.Release|iPhoneSimulator.ActiveCfg = Release|Any CPU
		{82A3EDA0-B378-4A5D-A137-48252324C3DF}.Release|iPhoneSimulator.Build.0 = Release|Any CPU
		{07CE6982-E804-41EF-B5C3-D3A739F64F34}.Debug|Any CPU.ActiveCfg = Debug|Any CPU
		{07CE6982-E804-41EF-B5C3-D3A739F64F34}.Debug|Any CPU.Build.0 = Debug|Any CPU
		{07CE6982-E804-41EF-B5C3-D3A739F64F34}.Debug|iPhone.ActiveCfg = Debug|Any CPU
		{07CE6982-E804-41EF-B5C3-D3A739F64F34}.Debug|iPhone.Build.0 = Debug|Any CPU
		{07CE6982-E804-41EF-B5C3-D3A739F64F34}.Debug|iPhoneSimulator.ActiveCfg = Debug|Any CPU
		{07CE6982-E804-41EF-B5C3-D3A739F64F34}.Debug|iPhoneSimulator.Build.0 = Debug|Any CPU
		{07CE6982-E804-41EF-B5C3-D3A739F64F34}.Release|Any CPU.ActiveCfg = Release|Any CPU
		{07CE6982-E804-41EF-B5C3-D3A739F64F34}.Release|Any CPU.Build.0 = Release|Any CPU
		{07CE6982-E804-41EF-B5C3-D3A739F64F34}.Release|iPhone.ActiveCfg = Release|Any CPU
		{07CE6982-E804-41EF-B5C3-D3A739F64F34}.Release|iPhone.Build.0 = Release|Any CPU
		{07CE6982-E804-41EF-B5C3-D3A739F64F34}.Release|iPhoneSimulator.ActiveCfg = Release|Any CPU
		{07CE6982-E804-41EF-B5C3-D3A739F64F34}.Release|iPhoneSimulator.Build.0 = Release|Any CPU
	EndGlobalSection
	GlobalSection(SolutionProperties) = preSolution
		HideSolutionNode = FALSE
	EndGlobalSection
	GlobalSection(NestedProjects) = preSolution
		{ACD91FAE-54BC-4948-BCDE-8D5777137518} = {B3CEA547-7921-490B-B5D7-2886C9BE2ED5}
		{13E45851-06F5-4CE8-B134-A51EF95A7703} = {B3CEA547-7921-490B-B5D7-2886C9BE2ED5}
		{DD4FA79B-5998-452D-A18B-DF81BD6E0659} = {B3CEA547-7921-490B-B5D7-2886C9BE2ED5}
		{FCC642E2-620B-4372-B22C-03910A469D64} = {B3CEA547-7921-490B-B5D7-2886C9BE2ED5}
		{34E0CF7E-776B-4313-919E-F4C392BC8620} = {3DBFE2B6-31B0-4422-ABBC-4AB590EFAE0A}
		{44512991-7DC1-4FA3-BC5F-EBD0A6E8BDEE} = {3DBFE2B6-31B0-4422-ABBC-4AB590EFAE0A}
		{4A420574-FF2D-40B7-BA8F-4DB4D7B81124} = {3DBFE2B6-31B0-4422-ABBC-4AB590EFAE0A}
		{BB1207A3-D142-4BC1-942C-00F82669F9BC} = {3DBFE2B6-31B0-4422-ABBC-4AB590EFAE0A}
		{56800F22-F94E-4447-9A9A-E2D37A6C4F38} = {06929CC3-F55F-4D71-81F0-8ED555F9E0E9}
		{F2CE62AD-EFE8-4F9D-9ED2-6CA00C0ED996} = {06929CC3-F55F-4D71-81F0-8ED555F9E0E9}
		{1946C95C-8E7B-4B85-8D8E-97A4D722921C} = {06929CC3-F55F-4D71-81F0-8ED555F9E0E9}
		{E57BABB2-C1A5-4AF9-8487-2198B23825AF} = {06929CC3-F55F-4D71-81F0-8ED555F9E0E9}
		{99A2C457-06F9-4C50-AF2B-53527C31A6CD} = {7247090E-6D58-4586-98F8-CE46EB3CE7EC}
		{09ED8F04-63C3-444C-8DB2-02A3DBF49872} = {918D4159-80C9-4FE5-AFB7-E2A3F18D8358}
		{B76BCEE8-6980-4979-9204-C78E54FA63DB} = {4917DF3E-E95B-42D1-9A23-55BE670CB7C1}
		{17E48EFD-0D78-4A53-AA36-49C52996FE32} = {918D4159-80C9-4FE5-AFB7-E2A3F18D8358}
		{04AE0413-A3BD-4449-A2FC-327AEB9A00FE} = {2CC99778-AFEE-4944-A385-5A26CE7DCA2E}
		{FE447EF5-7084-4196-A7C7-58B675AF5AC8} = {2CC99778-AFEE-4944-A385-5A26CE7DCA2E}
		{022D9CF5-0AD6-4934-BB1D-E7AB9FF401FE} = {2CC99778-AFEE-4944-A385-5A26CE7DCA2E}
		{4D95D05F-F4A4-499A-95CA-237DDF346977} = {1D60BB65-FED7-400E-B760-00B2F69C2927}
		{C7A73154-BB9C-481E-9245-477D6FAF1583} = {1D60BB65-FED7-400E-B760-00B2F69C2927}
		{7CD198B8-EF3B-4B4C-BB87-FB55B38319D9} = {1D60BB65-FED7-400E-B760-00B2F69C2927}
		{169AB34B-07C0-4575-A04A-0EAA15788FE0} = {2CC99778-AFEE-4944-A385-5A26CE7DCA2E}
		{C9DEDC2B-A44F-408D-B636-C8808158261F} = {2CC99778-AFEE-4944-A385-5A26CE7DCA2E}
		{2874A8E2-DB71-4B23-AA61-BE112F07CB52} = {2CC99778-AFEE-4944-A385-5A26CE7DCA2E}
		{6D45028C-3DEA-4A04-9EB9-3D301901560C} = {2CC99778-AFEE-4944-A385-5A26CE7DCA2E}
		{C444D061-DC5D-4670-80D7-3D19D6AFB369} = {2CC99778-AFEE-4944-A385-5A26CE7DCA2E}
		{612E4F9A-C3F8-4123-9CAC-B6040AB0BC09} = {2CC99778-AFEE-4944-A385-5A26CE7DCA2E}
		{0C8E5E3B-8D7F-4DD5-BADD-E468EBC29A3D} = {9B0974F0-CFC2-4FB8-A87C-FC5EE39AE975}
		{566772FB-B7A0-49BE-89FD-5225D3985D45} = {0C8E5E3B-8D7F-4DD5-BADD-E468EBC29A3D}
		{C9B9D812-D8CD-4E87-9878-D5ADD0ED58C4} = {0C8E5E3B-8D7F-4DD5-BADD-E468EBC29A3D}
		{4C72411F-E5AF-46C0-AE2A-6B71ECC11563} = {0C8E5E3B-8D7F-4DD5-BADD-E468EBC29A3D}
		{6231D5FF-AE4A-4419-8B48-9AC626F76CB1} = {0C8E5E3B-8D7F-4DD5-BADD-E468EBC29A3D}
		{09AFEC88-220D-4BBD-B314-A5BCBD82836E} = {9B0974F0-CFC2-4FB8-A87C-FC5EE39AE975}
		{B8E02923-4D78-4810-B136-3A35D128AD83} = {09AFEC88-220D-4BBD-B314-A5BCBD82836E}
		{6ED51F72-AF2A-4EC5-9C6D-1619A3094B40} = {09AFEC88-220D-4BBD-B314-A5BCBD82836E}
		{2D7557E0-81E5-408F-906A-20E91037B9D5} = {09AFEC88-220D-4BBD-B314-A5BCBD82836E}
		{239B2FD4-7E18-471A-B41A-6D46FCC0A045} = {09AFEC88-220D-4BBD-B314-A5BCBD82836E}
		{EF5AEE69-55F6-47AC-AA9B-1DFEA00293C7} = {D075D8DC-D6DE-4D4B-9CA3-775F94F65EAD}
		{B4196B6A-FA83-4E17-BB7D-EAEC8E7E07CA} = {D075D8DC-D6DE-4D4B-9CA3-775F94F65EAD}
		{C45BC238-80B4-4B5D-9C1C-EE3D8B51897A} = {E671C2B7-51CC-4C76-94F5-0169B4E0C837}
		{13443ED5-AABB-4D59-9026-E24606F457E8} = {E671C2B7-51CC-4C76-94F5-0169B4E0C837}
		{E949B817-C110-44CE-AA65-E950A1D18BAC} = {E671C2B7-51CC-4C76-94F5-0169B4E0C837}
		{807C116C-3897-4788-846A-282F046ED154} = {DFEBDE80-D394-495F-9812-0C91087D7057}
		{8388C8A3-0464-4B90-B231-32FD8437699B} = {DFEBDE80-D394-495F-9812-0C91087D7057}
		{96ECB487-2064-4339-B58F-A35300DEAEF6} = {5B579D41-7890-45ED-8213-0626EA5B362B}
		{1C9ADA1F-BADB-410F-A7CB-283D41333163} = {5B579D41-7890-45ED-8213-0626EA5B362B}
		{FF622FE9-E80F-4EEF-AA72-2CA8333E5DD9} = {4917DF3E-E95B-42D1-9A23-55BE670CB7C1}
		{CFA90B49-1EB2-499F-8095-094CCB7532BF} = {4917DF3E-E95B-42D1-9A23-55BE670CB7C1}
		{6916E33D-6E6B-4042-96B5-A1C1D3FFEA03} = {4917DF3E-E95B-42D1-9A23-55BE670CB7C1}
		{5FC811F0-F428-494F-9A63-C8E24B931131} = {4917DF3E-E95B-42D1-9A23-55BE670CB7C1}
		{478999E9-C2A1-49E4-B576-C81E4BB05DD7} = {4917DF3E-E95B-42D1-9A23-55BE670CB7C1}
		{1B6BBC81-EC7D-4D74-A383-0E56BC4426D9} = {4917DF3E-E95B-42D1-9A23-55BE670CB7C1}
		{78B053DA-6ED2-4849-ACFC-75E4AF05B17E} = {96A3BD6D-A427-43EA-8470-82B5044A8CD7}
		{1A176F1B-22E1-41FD-836A-FBF6015B4C26} = {96A3BD6D-A427-43EA-8470-82B5044A8CD7}
		{4BB097A0-7653-4D3E-B8B0-9AE75E271798} = {E671C2B7-51CC-4C76-94F5-0169B4E0C837}
		{830CEB99-7C99-430F-9871-70846837B0E8} = {E671C2B7-51CC-4C76-94F5-0169B4E0C837}
		{69256B33-E87B-4464-8BA3-4FF9E11676D4} = {E671C2B7-51CC-4C76-94F5-0169B4E0C837}
		{82A3EDA0-B378-4A5D-A137-48252324C3DF} = {E671C2B7-51CC-4C76-94F5-0169B4E0C837}
		{7B3463F0-E78F-4529-89D1-D142BCF4C0A6} = {E671C2B7-51CC-4C76-94F5-0169B4E0C837}
		{07CE6982-E804-41EF-B5C3-D3A739F64F34} = {7B3463F0-E78F-4529-89D1-D142BCF4C0A6}
	EndGlobalSection
	GlobalSection(ExtensibilityGlobals) = postSolution
		SolutionGuid = {2829B699-AA3B-47FF-ABEE-405B0FCD4E98}
	EndGlobalSection
EndGlobal
