
Microsoft Visual Studio Solution File, Format Version 12.00
# Visual Studio 15
VisualStudioVersion = 15.0.28307.329
MinimumVisualStudioVersion = 10.0.40219.1
Project("{FAE04EC0-301F-11D3-BF4B-00C04F79EFBC}") = "WpfApp", "WpfApp\WpfApp.csproj", "{E171B579-D5B6-4AA5-8393-5830A3C25C1F}"
EndProject
Project("{FAE04EC0-301F-11D3-BF4B-00C04F79EFBC}") = "MathLib", "MathLib\MathLib.csproj", "{307C68ED-642F-4901-A601-4F571E4A7C12}"
EndProject
Project("{FAE04EC0-301F-11D3-BF4B-00C04F79EFBC}") = "MathLibTests", "MathLibTests\MathLibTests.csproj", "{00C8D768-307A-4AB1-A79A-3AA3155A1767}"
EndProject
Project("{9A19103F-16F7-4668-BE54-9A1E7A4F7556}") = "MathLibTestsXUnit", "MathLibTestsXUnit\MathLibTestsXUnit.csproj", "{71C48412-C968-4395-940C-DDA68228C2BC}"
EndProject
Project("{2150E333-8FDC-42A3-9474-1A3956D46DE8}") = "FriendStorage", "FriendStorage", "{B3CEA547-7921-490B-B5D7-2886C9BE2ED5}"
EndProject
Project("{FAE04EC0-301F-11D3-BF4B-00C04F79EFBC}") = "FriendStorage.DataAccess", "FriendStorage\FriendStorage.DataAccess\FriendStorage.DataAccess.csproj", "{ACD91FAE-54BC-4948-BCDE-8D5777137518}"
EndProject
Project("{FAE04EC0-301F-11D3-BF4B-00C04F79EFBC}") = "FriendStorage.Model", "FriendStorage\FriendStorage.Model\FriendStorage.Model.csproj", "{13E45851-06F5-4CE8-B134-A51EF95A7703}"
EndProject
Project("{9A19103F-16F7-4668-BE54-9A1E7A4F7556}") = "FriendStorage.UITests", "FriendStorage\FriendStorage.UITests\FriendStorage.UITests.csproj", "{DD4FA79B-5998-452D-A18B-DF81BD6E0659}"
EndProject
Project("{FAE04EC0-301F-11D3-BF4B-00C04F79EFBC}") = "FriendStorage.UI", "FriendStorage\FriendStorage.UI\FriendStorage.UI.csproj", "{FCC642E2-620B-4372-B22C-03910A469D64}"
EndProject
Project("{2150E333-8FDC-42A3-9474-1A3956D46DE8}") = "CodedUITest", "CodedUITest", "{3DBFE2B6-31B0-4422-ABBC-4AB590EFAE0A}"
EndProject
Project("{FAE04EC0-301F-11D3-BF4B-00C04F79EFBC}") = "SimpleWPFApp", "CodedUITest\SimpleWPFApp\SimpleWPFApp.csproj", "{34E0CF7E-776B-4313-919E-F4C392BC8620}"
EndProject
Project("{FAE04EC0-301F-11D3-BF4B-00C04F79EFBC}") = "SimpleWPFAppUITests", "CodedUITest\SimpleWPFAppUITests\SimpleWPFAppUITests.csproj", "{44512991-7DC1-4FA3-BC5F-EBD0A6E8BDEE}"
EndProject
Project("{FAE04EC0-301F-11D3-BF4B-00C04F79EFBC}") = "SimpleWPFAppTests", "SimpleWPFAppTests\SimpleWPFAppTests.csproj", "{4A420574-FF2D-40B7-BA8F-4DB4D7B81124}"
EndProject
Project("{9A19103F-16F7-4668-BE54-9A1E7A4F7556}") = "SimpleWPFAppXUnitTests", "CodedUITest\SimpleWPFAppXUnitTests\SimpleWPFAppXUnitTests.csproj", "{BB1207A3-D142-4BC1-942C-00F82669F9BC}"
EndProject
Project("{2150E333-8FDC-42A3-9474-1A3956D46DE8}") = "AppDomains", "AppDomains", "{06929CC3-F55F-4D71-81F0-8ED555F9E0E9}"
EndProject
Project("{FAE04EC0-301F-11D3-BF4B-00C04F79EFBC}") = "EventsCommon", "AppDomains\EventsCommon\EventsCommon.csproj", "{56800F22-F94E-4447-9A9A-E2D37A6C4F38}"
EndProject
Project("{FAE04EC0-301F-11D3-BF4B-00C04F79EFBC}") = "EventsPublisher", "AppDomains\EventsPublisher\EventsPublisher.csproj", "{F2CE62AD-EFE8-4F9D-9ED2-6CA00C0ED996}"
EndProject
Project("{FAE04EC0-301F-11D3-BF4B-00C04F79EFBC}") = "EventsSubscriber", "AppDomains\EventsSubscriber\EventsSubscriber.csproj", "{1946C95C-8E7B-4B85-8D8E-97A4D722921C}"
EndProject
Project("{FAE04EC0-301F-11D3-BF4B-00C04F79EFBC}") = "CrossDomainEvents", "AppDomains\CrossDomainEvents\CrossDomainEvents.csproj", "{E57BABB2-C1A5-4AF9-8487-2198B23825AF}"
EndProject
Project("{2150E333-8FDC-42A3-9474-1A3956D46DE8}") = "CaliburnMicro", "CaliburnMicro", "{7247090E-6D58-4586-98F8-CE46EB3CE7EC}"
EndProject
Project("{FAE04EC0-301F-11D3-BF4B-00C04F79EFBC}") = "WPFUI", "CaliburnMicro\WPFUI\WPFUI.csproj", "{99A2C457-06F9-4C50-AF2B-53527C31A6CD}"
EndProject
Project("{2150E333-8FDC-42A3-9474-1A3956D46DE8}") = "MahAppsMetro", "MahAppsMetro", "{918D4159-80C9-4FE5-AFB7-E2A3F18D8358}"
EndProject
Project("{FAE04EC0-301F-11D3-BF4B-00C04F79EFBC}") = "MahAppsMetroSample", "MahAppsMetro\MahAppsMetroSample\MahAppsMetroSample.csproj", "{09ED8F04-63C3-444C-8DB2-02A3DBF49872}"
EndProject
Project("{2150E333-8FDC-42A3-9474-1A3956D46DE8}") = "KudVenkat", "KudVenkat", "{4917DF3E-E95B-42D1-9A23-55BE670CB7C1}"
EndProject
Project("{FAE04EC0-301F-11D3-BF4B-00C04F79EFBC}") = "EmployeeManagement", "KudVenkat\EmployeeManagement\EmployeeManagement.csproj", "{B76BCEE8-6980-4979-9204-C78E54FA63DB}"
EndProject
Global
	GlobalSection(SolutionConfigurationPlatforms) = preSolution
		Debug|Any CPU = Debug|Any CPU
		Release|Any CPU = Release|Any CPU
	EndGlobalSection
	GlobalSection(ProjectConfigurationPlatforms) = postSolution
		{E171B579-D5B6-4AA5-8393-5830A3C25C1F}.Debug|Any CPU.ActiveCfg = Debug|Any CPU
		{E171B579-D5B6-4AA5-8393-5830A3C25C1F}.Debug|Any CPU.Build.0 = Debug|Any CPU
		{E171B579-D5B6-4AA5-8393-5830A3C25C1F}.Release|Any CPU.ActiveCfg = Release|Any CPU
		{E171B579-D5B6-4AA5-8393-5830A3C25C1F}.Release|Any CPU.Build.0 = Release|Any CPU
		{307C68ED-642F-4901-A601-4F571E4A7C12}.Debug|Any CPU.ActiveCfg = Debug|Any CPU
		{307C68ED-642F-4901-A601-4F571E4A7C12}.Debug|Any CPU.Build.0 = Debug|Any CPU
		{307C68ED-642F-4901-A601-4F571E4A7C12}.Release|Any CPU.ActiveCfg = Release|Any CPU
		{307C68ED-642F-4901-A601-4F571E4A7C12}.Release|Any CPU.Build.0 = Release|Any CPU
		{00C8D768-307A-4AB1-A79A-3AA3155A1767}.Debug|Any CPU.ActiveCfg = Debug|Any CPU
		{00C8D768-307A-4AB1-A79A-3AA3155A1767}.Debug|Any CPU.Build.0 = Debug|Any CPU
		{00C8D768-307A-4AB1-A79A-3AA3155A1767}.Release|Any CPU.ActiveCfg = Release|Any CPU
		{00C8D768-307A-4AB1-A79A-3AA3155A1767}.Release|Any CPU.Build.0 = Release|Any CPU
		{71C48412-C968-4395-940C-DDA68228C2BC}.Debug|Any CPU.ActiveCfg = Debug|Any CPU
		{71C48412-C968-4395-940C-DDA68228C2BC}.Debug|Any CPU.Build.0 = Debug|Any CPU
		{71C48412-C968-4395-940C-DDA68228C2BC}.Release|Any CPU.ActiveCfg = Release|Any CPU
		{71C48412-C968-4395-940C-DDA68228C2BC}.Release|Any CPU.Build.0 = Release|Any CPU
		{ACD91FAE-54BC-4948-BCDE-8D5777137518}.Debug|Any CPU.ActiveCfg = Debug|Any CPU
		{ACD91FAE-54BC-4948-BCDE-8D5777137518}.Debug|Any CPU.Build.0 = Debug|Any CPU
		{ACD91FAE-54BC-4948-BCDE-8D5777137518}.Release|Any CPU.ActiveCfg = Release|Any CPU
		{ACD91FAE-54BC-4948-BCDE-8D5777137518}.Release|Any CPU.Build.0 = Release|Any CPU
		{13E45851-06F5-4CE8-B134-A51EF95A7703}.Debug|Any CPU.ActiveCfg = Debug|Any CPU
		{13E45851-06F5-4CE8-B134-A51EF95A7703}.Debug|Any CPU.Build.0 = Debug|Any CPU
		{13E45851-06F5-4CE8-B134-A51EF95A7703}.Release|Any CPU.ActiveCfg = Release|Any CPU
		{13E45851-06F5-4CE8-B134-A51EF95A7703}.Release|Any CPU.Build.0 = Release|Any CPU
		{DD4FA79B-5998-452D-A18B-DF81BD6E0659}.Debug|Any CPU.ActiveCfg = Debug|Any CPU
		{DD4FA79B-5998-452D-A18B-DF81BD6E0659}.Debug|Any CPU.Build.0 = Debug|Any CPU
		{DD4FA79B-5998-452D-A18B-DF81BD6E0659}.Release|Any CPU.ActiveCfg = Release|Any CPU
		{DD4FA79B-5998-452D-A18B-DF81BD6E0659}.Release|Any CPU.Build.0 = Release|Any CPU
		{FCC642E2-620B-4372-B22C-03910A469D64}.Debug|Any CPU.ActiveCfg = Debug|Any CPU
		{FCC642E2-620B-4372-B22C-03910A469D64}.Debug|Any CPU.Build.0 = Debug|Any CPU
		{FCC642E2-620B-4372-B22C-03910A469D64}.Release|Any CPU.ActiveCfg = Release|Any CPU
		{FCC642E2-620B-4372-B22C-03910A469D64}.Release|Any CPU.Build.0 = Release|Any CPU
		{34E0CF7E-776B-4313-919E-F4C392BC8620}.Debug|Any CPU.ActiveCfg = Debug|Any CPU
		{34E0CF7E-776B-4313-919E-F4C392BC8620}.Debug|Any CPU.Build.0 = Debug|Any CPU
		{34E0CF7E-776B-4313-919E-F4C392BC8620}.Release|Any CPU.ActiveCfg = Release|Any CPU
		{34E0CF7E-776B-4313-919E-F4C392BC8620}.Release|Any CPU.Build.0 = Release|Any CPU
		{44512991-7DC1-4FA3-BC5F-EBD0A6E8BDEE}.Debug|Any CPU.ActiveCfg = Debug|Any CPU
		{44512991-7DC1-4FA3-BC5F-EBD0A6E8BDEE}.Debug|Any CPU.Build.0 = Debug|Any CPU
		{44512991-7DC1-4FA3-BC5F-EBD0A6E8BDEE}.Release|Any CPU.ActiveCfg = Release|Any CPU
		{44512991-7DC1-4FA3-BC5F-EBD0A6E8BDEE}.Release|Any CPU.Build.0 = Release|Any CPU
		{4A420574-FF2D-40B7-BA8F-4DB4D7B81124}.Debug|Any CPU.ActiveCfg = Debug|Any CPU
		{4A420574-FF2D-40B7-BA8F-4DB4D7B81124}.Debug|Any CPU.Build.0 = Debug|Any CPU
		{4A420574-FF2D-40B7-BA8F-4DB4D7B81124}.Release|Any CPU.ActiveCfg = Release|Any CPU
		{4A420574-FF2D-40B7-BA8F-4DB4D7B81124}.Release|Any CPU.Build.0 = Release|Any CPU
		{BB1207A3-D142-4BC1-942C-00F82669F9BC}.Debug|Any CPU.ActiveCfg = Debug|Any CPU
		{BB1207A3-D142-4BC1-942C-00F82669F9BC}.Debug|Any CPU.Build.0 = Debug|Any CPU
		{BB1207A3-D142-4BC1-942C-00F82669F9BC}.Release|Any CPU.ActiveCfg = Release|Any CPU
		{BB1207A3-D142-4BC1-942C-00F82669F9BC}.Release|Any CPU.Build.0 = Release|Any CPU
		{56800F22-F94E-4447-9A9A-E2D37A6C4F38}.Debug|Any CPU.ActiveCfg = Debug|Any CPU
		{56800F22-F94E-4447-9A9A-E2D37A6C4F38}.Debug|Any CPU.Build.0 = Debug|Any CPU
		{56800F22-F94E-4447-9A9A-E2D37A6C4F38}.Release|Any CPU.ActiveCfg = Release|Any CPU
		{56800F22-F94E-4447-9A9A-E2D37A6C4F38}.Release|Any CPU.Build.0 = Release|Any CPU
		{F2CE62AD-EFE8-4F9D-9ED2-6CA00C0ED996}.Debug|Any CPU.ActiveCfg = Debug|Any CPU
		{F2CE62AD-EFE8-4F9D-9ED2-6CA00C0ED996}.Debug|Any CPU.Build.0 = Debug|Any CPU
		{F2CE62AD-EFE8-4F9D-9ED2-6CA00C0ED996}.Release|Any CPU.ActiveCfg = Release|Any CPU
		{F2CE62AD-EFE8-4F9D-9ED2-6CA00C0ED996}.Release|Any CPU.Build.0 = Release|Any CPU
		{1946C95C-8E7B-4B85-8D8E-97A4D722921C}.Debug|Any CPU.ActiveCfg = Debug|Any CPU
		{1946C95C-8E7B-4B85-8D8E-97A4D722921C}.Debug|Any CPU.Build.0 = Debug|Any CPU
		{1946C95C-8E7B-4B85-8D8E-97A4D722921C}.Release|Any CPU.ActiveCfg = Release|Any CPU
		{1946C95C-8E7B-4B85-8D8E-97A4D722921C}.Release|Any CPU.Build.0 = Release|Any CPU
		{E57BABB2-C1A5-4AF9-8487-2198B23825AF}.Debug|Any CPU.ActiveCfg = Debug|Any CPU
		{E57BABB2-C1A5-4AF9-8487-2198B23825AF}.Debug|Any CPU.Build.0 = Debug|Any CPU
		{E57BABB2-C1A5-4AF9-8487-2198B23825AF}.Release|Any CPU.ActiveCfg = Release|Any CPU
		{E57BABB2-C1A5-4AF9-8487-2198B23825AF}.Release|Any CPU.Build.0 = Release|Any CPU
		{99A2C457-06F9-4C50-AF2B-53527C31A6CD}.Debug|Any CPU.ActiveCfg = Debug|Any CPU
		{99A2C457-06F9-4C50-AF2B-53527C31A6CD}.Debug|Any CPU.Build.0 = Debug|Any CPU
		{99A2C457-06F9-4C50-AF2B-53527C31A6CD}.Release|Any CPU.ActiveCfg = Release|Any CPU
		{99A2C457-06F9-4C50-AF2B-53527C31A6CD}.Release|Any CPU.Build.0 = Release|Any CPU
		{09ED8F04-63C3-444C-8DB2-02A3DBF49872}.Debug|Any CPU.ActiveCfg = Debug|Any CPU
		{09ED8F04-63C3-444C-8DB2-02A3DBF49872}.Debug|Any CPU.Build.0 = Debug|Any CPU
		{09ED8F04-63C3-444C-8DB2-02A3DBF49872}.Release|Any CPU.ActiveCfg = Release|Any CPU
		{09ED8F04-63C3-444C-8DB2-02A3DBF49872}.Release|Any CPU.Build.0 = Release|Any CPU
		{B76BCEE8-6980-4979-9204-C78E54FA63DB}.Debug|Any CPU.ActiveCfg = Debug|Any CPU
		{B76BCEE8-6980-4979-9204-C78E54FA63DB}.Debug|Any CPU.Build.0 = Debug|Any CPU
		{B76BCEE8-6980-4979-9204-C78E54FA63DB}.Release|Any CPU.ActiveCfg = Release|Any CPU
		{B76BCEE8-6980-4979-9204-C78E54FA63DB}.Release|Any CPU.Build.0 = Release|Any CPU
	EndGlobalSection
	GlobalSection(SolutionProperties) = preSolution
		HideSolutionNode = FALSE
	EndGlobalSection
	GlobalSection(NestedProjects) = preSolution
		{ACD91FAE-54BC-4948-BCDE-8D5777137518} = {B3CEA547-7921-490B-B5D7-2886C9BE2ED5}
		{13E45851-06F5-4CE8-B134-A51EF95A7703} = {B3CEA547-7921-490B-B5D7-2886C9BE2ED5}
		{DD4FA79B-5998-452D-A18B-DF81BD6E0659} = {B3CEA547-7921-490B-B5D7-2886C9BE2ED5}
		{FCC642E2-620B-4372-B22C-03910A469D64} = {B3CEA547-7921-490B-B5D7-2886C9BE2ED5}
		{34E0CF7E-776B-4313-919E-F4C392BC8620} = {3DBFE2B6-31B0-4422-ABBC-4AB590EFAE0A}
		{44512991-7DC1-4FA3-BC5F-EBD0A6E8BDEE} = {3DBFE2B6-31B0-4422-ABBC-4AB590EFAE0A}
		{4A420574-FF2D-40B7-BA8F-4DB4D7B81124} = {3DBFE2B6-31B0-4422-ABBC-4AB590EFAE0A}
		{BB1207A3-D142-4BC1-942C-00F82669F9BC} = {3DBFE2B6-31B0-4422-ABBC-4AB590EFAE0A}
		{56800F22-F94E-4447-9A9A-E2D37A6C4F38} = {06929CC3-F55F-4D71-81F0-8ED555F9E0E9}
		{F2CE62AD-EFE8-4F9D-9ED2-6CA00C0ED996} = {06929CC3-F55F-4D71-81F0-8ED555F9E0E9}
		{1946C95C-8E7B-4B85-8D8E-97A4D722921C} = {06929CC3-F55F-4D71-81F0-8ED555F9E0E9}
		{E57BABB2-C1A5-4AF9-8487-2198B23825AF} = {06929CC3-F55F-4D71-81F0-8ED555F9E0E9}
		{99A2C457-06F9-4C50-AF2B-53527C31A6CD} = {7247090E-6D58-4586-98F8-CE46EB3CE7EC}
		{09ED8F04-63C3-444C-8DB2-02A3DBF49872} = {918D4159-80C9-4FE5-AFB7-E2A3F18D8358}
		{B76BCEE8-6980-4979-9204-C78E54FA63DB} = {4917DF3E-E95B-42D1-9A23-55BE670CB7C1}
	EndGlobalSection
	GlobalSection(ExtensibilityGlobals) = postSolution
		SolutionGuid = {2829B699-AA3B-47FF-ABEE-405B0FCD4E98}
	EndGlobalSection
EndGlobal
